// !$*UTF8*$!
{
	archiveVersion = 1;
	classes = {
	};
	objectVersion = 56;
	objects = {

/* Begin PBXBuildFile section */
		C31A5AD42BA2E6A100470036 /* MenuProjectApp.swift in Sources */ = {isa = PBXBuildFile; fileRef = C31A5AD32BA2E6A100470036 /* MenuProjectApp.swift */; };
		C31A5AD62BA2E6A100470036 /* ContentView.swift in Sources */ = {isa = PBXBuildFile; fileRef = C31A5AD52BA2E6A100470036 /* ContentView.swift */; };
		C31A5AD82BA2E6A100470036 /* Assets.xcassets in Resources */ = {isa = PBXBuildFile; fileRef = C31A5AD72BA2E6A100470036 /* Assets.xcassets */; };
		C31A5ADB2BA2E6A100470036 /* Preview Assets.xcassets in Resources */ = {isa = PBXBuildFile; fileRef = C31A5ADA2BA2E6A100470036 /* Preview Assets.xcassets */; };
		C31A5B4B2BA2EB2D00470036 /* GoogleService-Info.plist in Resources */ = {isa = PBXBuildFile; fileRef = C31A5B4A2BA2EB2D00470036 /* GoogleService-Info.plist */; };
		C31A5B4F2BA2F2A800470036 /* Homepage.swift in Sources */ = {isa = PBXBuildFile; fileRef = C31A5B4E2BA2F2A800470036 /* Homepage.swift */; };
		C31A5B512BA2F2DD00470036 /* Group.swift in Sources */ = {isa = PBXBuildFile; fileRef = C31A5B502BA2F2DD00470036 /* Group.swift */; };
		C31A5B532BA2F34900470036 /* DataManager.swift in Sources */ = {isa = PBXBuildFile; fileRef = C31A5B522BA2F34900470036 /* DataManager.swift */; };
		C31A5B552BA3126300470036 /* CreateGroupView.swift in Sources */ = {isa = PBXBuildFile; fileRef = C31A5B542BA3126300470036 /* CreateGroupView.swift */; };
		C3DB80E82BA9E50A005E7CF6 /* GroupDetailView.swift in Sources */ = {isa = PBXBuildFile; fileRef = C3DB80E72BA9E50A005E7CF6 /* GroupDetailView.swift */; };
		DD8DB3AE2BAC620A002F94B8 /* GroupCard.swift in Sources */ = {isa = PBXBuildFile; fileRef = DD8DB3AD2BAC620A002F94B8 /* GroupCard.swift */; };
		DD8DB3B02BAC7307002F94B8 /* Colors.swift in Sources */ = {isa = PBXBuildFile; fileRef = DD8DB3AF2BAC7307002F94B8 /* Colors.swift */; };
		DD8E14012BD7DEC900C6E0D3 /* LoginPage.swift in Sources */ = {isa = PBXBuildFile; fileRef = DD8E14002BD7DEC900C6E0D3 /* LoginPage.swift */; };
		DD8E14032BD7E67900C6E0D3 /* RegisterPage.swift in Sources */ = {isa = PBXBuildFile; fileRef = DD8E14022BD7E67900C6E0D3 /* RegisterPage.swift */; };
		DD8E14112BD8076200C6E0D3 /* FirebaseAnalytics in Frameworks */ = {isa = PBXBuildFile; productRef = DD8E14102BD8076200C6E0D3 /* FirebaseAnalytics */; };
		DD8E14132BD8076200C6E0D3 /* FirebaseAnalyticsOnDeviceConversion in Frameworks */ = {isa = PBXBuildFile; productRef = DD8E14122BD8076200C6E0D3 /* FirebaseAnalyticsOnDeviceConversion */; };
		DD8E14152BD8076200C6E0D3 /* FirebaseAnalyticsSwift in Frameworks */ = {isa = PBXBuildFile; productRef = DD8E14142BD8076200C6E0D3 /* FirebaseAnalyticsSwift */; };
		DD8E14172BD8076200C6E0D3 /* FirebaseAnalyticsWithoutAdIdSupport in Frameworks */ = {isa = PBXBuildFile; productRef = DD8E14162BD8076200C6E0D3 /* FirebaseAnalyticsWithoutAdIdSupport */; };
		DD8E14192BD8076200C6E0D3 /* FirebaseAppDistribution-Beta in Frameworks */ = {isa = PBXBuildFile; productRef = DD8E14182BD8076200C6E0D3 /* FirebaseAppDistribution-Beta */; };
		DD8E141B2BD8076200C6E0D3 /* FirebaseAuth in Frameworks */ = {isa = PBXBuildFile; productRef = DD8E141A2BD8076200C6E0D3 /* FirebaseAuth */; };
		DD8E141D2BD8076200C6E0D3 /* FirebaseAuthCombine-Community in Frameworks */ = {isa = PBXBuildFile; productRef = DD8E141C2BD8076200C6E0D3 /* FirebaseAuthCombine-Community */; };
		DD8E141F2BD8076200C6E0D3 /* FirebaseCrashlytics in Frameworks */ = {isa = PBXBuildFile; productRef = DD8E141E2BD8076200C6E0D3 /* FirebaseCrashlytics */; };
		DD8E14212BD8076200C6E0D3 /* FirebaseDatabase in Frameworks */ = {isa = PBXBuildFile; productRef = DD8E14202BD8076200C6E0D3 /* FirebaseDatabase */; };
		DD8E14232BD8076200C6E0D3 /* FirebaseDatabaseSwift in Frameworks */ = {isa = PBXBuildFile; productRef = DD8E14222BD8076200C6E0D3 /* FirebaseDatabaseSwift */; };
		DD8E14252BD8076200C6E0D3 /* FirebaseDynamicLinks in Frameworks */ = {isa = PBXBuildFile; productRef = DD8E14242BD8076200C6E0D3 /* FirebaseDynamicLinks */; };
		DD8E14272BD8076200C6E0D3 /* FirebaseFirestore in Frameworks */ = {isa = PBXBuildFile; productRef = DD8E14262BD8076200C6E0D3 /* FirebaseFirestore */; };
		DD8E14292BD8076200C6E0D3 /* FirebaseFirestoreCombine-Community in Frameworks */ = {isa = PBXBuildFile; productRef = DD8E14282BD8076200C6E0D3 /* FirebaseFirestoreCombine-Community */; };
		DD8E142B2BD8076200C6E0D3 /* FirebaseFirestoreSwift in Frameworks */ = {isa = PBXBuildFile; productRef = DD8E142A2BD8076200C6E0D3 /* FirebaseFirestoreSwift */; };
		DD8E142D2BD8076200C6E0D3 /* FirebaseFunctions in Frameworks */ = {isa = PBXBuildFile; productRef = DD8E142C2BD8076200C6E0D3 /* FirebaseFunctions */; };
		DD8E142F2BD8076200C6E0D3 /* FirebaseFunctionsCombine-Community in Frameworks */ = {isa = PBXBuildFile; productRef = DD8E142E2BD8076200C6E0D3 /* FirebaseFunctionsCombine-Community */; };
		DD8E14312BD8076200C6E0D3 /* FirebaseInAppMessaging-Beta in Frameworks */ = {isa = PBXBuildFile; productRef = DD8E14302BD8076200C6E0D3 /* FirebaseInAppMessaging-Beta */; };
		DD8E14332BD8076200C6E0D3 /* FirebaseInAppMessagingSwift-Beta in Frameworks */ = {isa = PBXBuildFile; productRef = DD8E14322BD8076200C6E0D3 /* FirebaseInAppMessagingSwift-Beta */; };
		DD8E14352BD8076200C6E0D3 /* FirebaseInstallations in Frameworks */ = {isa = PBXBuildFile; productRef = DD8E14342BD8076200C6E0D3 /* FirebaseInstallations */; };
		DD8E14372BD8076200C6E0D3 /* FirebaseMLModelDownloader in Frameworks */ = {isa = PBXBuildFile; productRef = DD8E14362BD8076200C6E0D3 /* FirebaseMLModelDownloader */; };
		DD8E14392BD8076200C6E0D3 /* FirebaseMessaging in Frameworks */ = {isa = PBXBuildFile; productRef = DD8E14382BD8076200C6E0D3 /* FirebaseMessaging */; };
		DD8E143B2BD8076200C6E0D3 /* FirebasePerformance in Frameworks */ = {isa = PBXBuildFile; productRef = DD8E143A2BD8076200C6E0D3 /* FirebasePerformance */; };
		DD8E143D2BD8076200C6E0D3 /* FirebaseRemoteConfig in Frameworks */ = {isa = PBXBuildFile; productRef = DD8E143C2BD8076200C6E0D3 /* FirebaseRemoteConfig */; };
		DD8E143F2BD8076200C6E0D3 /* FirebaseRemoteConfigSwift in Frameworks */ = {isa = PBXBuildFile; productRef = DD8E143E2BD8076200C6E0D3 /* FirebaseRemoteConfigSwift */; };
		DD8E14412BD8076200C6E0D3 /* FirebaseStorage in Frameworks */ = {isa = PBXBuildFile; productRef = DD8E14402BD8076200C6E0D3 /* FirebaseStorage */; };
		DD8E14432BD8076200C6E0D3 /* FirebaseStorageCombine-Community in Frameworks */ = {isa = PBXBuildFile; productRef = DD8E14422BD8076200C6E0D3 /* FirebaseStorageCombine-Community */; };
/* End PBXBuildFile section */

/* Begin PBXFileReference section */
		C31A5AD02BA2E6A100470036 /* MenuProject.app */ = {isa = PBXFileReference; explicitFileType = wrapper.application; includeInIndex = 0; path = MenuProject.app; sourceTree = BUILT_PRODUCTS_DIR; };
		C31A5AD32BA2E6A100470036 /* MenuProjectApp.swift */ = {isa = PBXFileReference; lastKnownFileType = sourcecode.swift; path = MenuProjectApp.swift; sourceTree = "<group>"; };
		C31A5AD52BA2E6A100470036 /* ContentView.swift */ = {isa = PBXFileReference; lastKnownFileType = sourcecode.swift; path = ContentView.swift; sourceTree = "<group>"; };
		C31A5AD72BA2E6A100470036 /* Assets.xcassets */ = {isa = PBXFileReference; lastKnownFileType = folder.assetcatalog; path = Assets.xcassets; sourceTree = "<group>"; };
		C31A5ADA2BA2E6A100470036 /* Preview Assets.xcassets */ = {isa = PBXFileReference; lastKnownFileType = folder.assetcatalog; path = "Preview Assets.xcassets"; sourceTree = "<group>"; };
		C31A5B4A2BA2EB2D00470036 /* GoogleService-Info.plist */ = {isa = PBXFileReference; fileEncoding = 4; lastKnownFileType = text.plist.xml; path = "GoogleService-Info.plist"; sourceTree = "<group>"; };
		C31A5B4E2BA2F2A800470036 /* Homepage.swift */ = {isa = PBXFileReference; lastKnownFileType = sourcecode.swift; path = Homepage.swift; sourceTree = "<group>"; };
		C31A5B502BA2F2DD00470036 /* Group.swift */ = {isa = PBXFileReference; lastKnownFileType = sourcecode.swift; path = Group.swift; sourceTree = "<group>"; };
		C31A5B522BA2F34900470036 /* DataManager.swift */ = {isa = PBXFileReference; lastKnownFileType = sourcecode.swift; path = DataManager.swift; sourceTree = "<group>"; };
		C31A5B542BA3126300470036 /* CreateGroupView.swift */ = {isa = PBXFileReference; lastKnownFileType = sourcecode.swift; path = CreateGroupView.swift; sourceTree = "<group>"; };
		C3DB80E72BA9E50A005E7CF6 /* GroupDetailView.swift */ = {isa = PBXFileReference; lastKnownFileType = sourcecode.swift; path = GroupDetailView.swift; sourceTree = "<group>"; };
		DD8DB3AD2BAC620A002F94B8 /* GroupCard.swift */ = {isa = PBXFileReference; lastKnownFileType = sourcecode.swift; path = GroupCard.swift; sourceTree = "<group>"; };
		DD8DB3AF2BAC7307002F94B8 /* Colors.swift */ = {isa = PBXFileReference; lastKnownFileType = sourcecode.swift; path = Colors.swift; sourceTree = "<group>"; };
		DD8E14002BD7DEC900C6E0D3 /* LoginPage.swift */ = {isa = PBXFileReference; lastKnownFileType = sourcecode.swift; path = LoginPage.swift; sourceTree = "<group>"; };
		DD8E14022BD7E67900C6E0D3 /* RegisterPage.swift */ = {isa = PBXFileReference; lastKnownFileType = sourcecode.swift; path = RegisterPage.swift; sourceTree = "<group>"; };
/* End PBXFileReference section */

/* Begin PBXFrameworksBuildPhase section */
		C31A5ACD2BA2E6A100470036 /* Frameworks */ = {
			isa = PBXFrameworksBuildPhase;
			buildActionMask = 2147483647;
			files = (
				DD8E143B2BD8076200C6E0D3 /* FirebasePerformance in Frameworks */,
				DD8E14292BD8076200C6E0D3 /* FirebaseFirestoreCombine-Community in Frameworks */,
				DD8E14232BD8076200C6E0D3 /* FirebaseDatabaseSwift in Frameworks */,
				DD8E14412BD8076200C6E0D3 /* FirebaseStorage in Frameworks */,
				DD8E14252BD8076200C6E0D3 /* FirebaseDynamicLinks in Frameworks */,
				DD8E142B2BD8076200C6E0D3 /* FirebaseFirestoreSwift in Frameworks */,
				DD8E14152BD8076200C6E0D3 /* FirebaseAnalyticsSwift in Frameworks */,
				DD8E14312BD8076200C6E0D3 /* FirebaseInAppMessaging-Beta in Frameworks */,
				DD8E141B2BD8076200C6E0D3 /* FirebaseAuth in Frameworks */,
				DD8E14372BD8076200C6E0D3 /* FirebaseMLModelDownloader in Frameworks */,
				DD8E143F2BD8076200C6E0D3 /* FirebaseRemoteConfigSwift in Frameworks */,
				DD8E14112BD8076200C6E0D3 /* FirebaseAnalytics in Frameworks */,
				DD8E14392BD8076200C6E0D3 /* FirebaseMessaging in Frameworks */,
				DD8E14352BD8076200C6E0D3 /* FirebaseInstallations in Frameworks */,
				DD8E142F2BD8076200C6E0D3 /* FirebaseFunctionsCombine-Community in Frameworks */,
				DD8E14272BD8076200C6E0D3 /* FirebaseFirestore in Frameworks */,
				DD8E14432BD8076200C6E0D3 /* FirebaseStorageCombine-Community in Frameworks */,
				DD8E14192BD8076200C6E0D3 /* FirebaseAppDistribution-Beta in Frameworks */,
				DD8E14132BD8076200C6E0D3 /* FirebaseAnalyticsOnDeviceConversion in Frameworks */,
				DD8E141F2BD8076200C6E0D3 /* FirebaseCrashlytics in Frameworks */,
				DD8E14212BD8076200C6E0D3 /* FirebaseDatabase in Frameworks */,
				DD8E143D2BD8076200C6E0D3 /* FirebaseRemoteConfig in Frameworks */,
				DD8E142D2BD8076200C6E0D3 /* FirebaseFunctions in Frameworks */,
				DD8E141D2BD8076200C6E0D3 /* FirebaseAuthCombine-Community in Frameworks */,
				DD8E14332BD8076200C6E0D3 /* FirebaseInAppMessagingSwift-Beta in Frameworks */,
				DD8E14172BD8076200C6E0D3 /* FirebaseAnalyticsWithoutAdIdSupport in Frameworks */,
			);
			runOnlyForDeploymentPostprocessing = 0;
		};
/* End PBXFrameworksBuildPhase section */

/* Begin PBXGroup section */
		C31A5AC72BA2E6A100470036 = {
			isa = PBXGroup;
			children = (
				C31A5AD22BA2E6A100470036 /* MenuProject */,
				C31A5AD12BA2E6A100470036 /* Products */,
			);
			sourceTree = "<group>";
		};
		C31A5AD12BA2E6A100470036 /* Products */ = {
			isa = PBXGroup;
			children = (
				C31A5AD02BA2E6A100470036 /* MenuProject.app */,
			);
			name = Products;
			sourceTree = "<group>";
		};
		C31A5AD22BA2E6A100470036 /* MenuProject */ = {
			isa = PBXGroup;
			children = (
				C31A5B4A2BA2EB2D00470036 /* GoogleService-Info.plist */,
				C31A5AD32BA2E6A100470036 /* MenuProjectApp.swift */,
				C31A5AD52BA2E6A100470036 /* ContentView.swift */,
				C31A5B542BA3126300470036 /* CreateGroupView.swift */,
				C31A5B4E2BA2F2A800470036 /* Homepage.swift */,
				C31A5B502BA2F2DD00470036 /* Group.swift */,
				DD8DB3AD2BAC620A002F94B8 /* GroupCard.swift */,
				C31A5B522BA2F34900470036 /* DataManager.swift */,
				C31A5AD72BA2E6A100470036 /* Assets.xcassets */,
				C31A5AD92BA2E6A100470036 /* Preview Content */,
				C3DB80E72BA9E50A005E7CF6 /* GroupDetailView.swift */,
				DD8DB3AF2BAC7307002F94B8 /* Colors.swift */,
				DD8E14002BD7DEC900C6E0D3 /* LoginPage.swift */,
				DD8E14022BD7E67900C6E0D3 /* RegisterPage.swift */,
			);
			path = MenuProject;
			sourceTree = "<group>";
		};
		C31A5AD92BA2E6A100470036 /* Preview Content */ = {
			isa = PBXGroup;
			children = (
				C31A5ADA2BA2E6A100470036 /* Preview Assets.xcassets */,
			);
			path = "Preview Content";
			sourceTree = "<group>";
		};
/* End PBXGroup section */

/* Begin PBXNativeTarget section */
		C31A5ACF2BA2E6A100470036 /* MenuProject */ = {
			isa = PBXNativeTarget;
			buildConfigurationList = C31A5ADE2BA2E6A100470036 /* Build configuration list for PBXNativeTarget "MenuProject" */;
			buildPhases = (
				C31A5ACC2BA2E6A100470036 /* Sources */,
				C31A5ACD2BA2E6A100470036 /* Frameworks */,
				C31A5ACE2BA2E6A100470036 /* Resources */,
			);
			buildRules = (
			);
			dependencies = (
			);
			name = MenuProject;
			packageProductDependencies = (
				DD8E14102BD8076200C6E0D3 /* FirebaseAnalytics */,
				DD8E14122BD8076200C6E0D3 /* FirebaseAnalyticsOnDeviceConversion */,
				DD8E14142BD8076200C6E0D3 /* FirebaseAnalyticsSwift */,
				DD8E14162BD8076200C6E0D3 /* FirebaseAnalyticsWithoutAdIdSupport */,
				DD8E14182BD8076200C6E0D3 /* FirebaseAppDistribution-Beta */,
				DD8E141A2BD8076200C6E0D3 /* FirebaseAuth */,
				DD8E141C2BD8076200C6E0D3 /* FirebaseAuthCombine-Community */,
				DD8E141E2BD8076200C6E0D3 /* FirebaseCrashlytics */,
				DD8E14202BD8076200C6E0D3 /* FirebaseDatabase */,
				DD8E14222BD8076200C6E0D3 /* FirebaseDatabaseSwift */,
				DD8E14242BD8076200C6E0D3 /* FirebaseDynamicLinks */,
				DD8E14262BD8076200C6E0D3 /* FirebaseFirestore */,
				DD8E14282BD8076200C6E0D3 /* FirebaseFirestoreCombine-Community */,
				DD8E142A2BD8076200C6E0D3 /* FirebaseFirestoreSwift */,
				DD8E142C2BD8076200C6E0D3 /* FirebaseFunctions */,
				DD8E142E2BD8076200C6E0D3 /* FirebaseFunctionsCombine-Community */,
				DD8E14302BD8076200C6E0D3 /* FirebaseInAppMessaging-Beta */,
				DD8E14322BD8076200C6E0D3 /* FirebaseInAppMessagingSwift-Beta */,
				DD8E14342BD8076200C6E0D3 /* FirebaseInstallations */,
				DD8E14362BD8076200C6E0D3 /* FirebaseMLModelDownloader */,
				DD8E14382BD8076200C6E0D3 /* FirebaseMessaging */,
				DD8E143A2BD8076200C6E0D3 /* FirebasePerformance */,
				DD8E143C2BD8076200C6E0D3 /* FirebaseRemoteConfig */,
				DD8E143E2BD8076200C6E0D3 /* FirebaseRemoteConfigSwift */,
				DD8E14402BD8076200C6E0D3 /* FirebaseStorage */,
				DD8E14422BD8076200C6E0D3 /* FirebaseStorageCombine-Community */,
			);
			productName = MenuProject;
			productReference = C31A5AD02BA2E6A100470036 /* MenuProject.app */;
			productType = "com.apple.product-type.application";
		};
/* End PBXNativeTarget section */

/* Begin PBXProject section */
		C31A5AC82BA2E6A100470036 /* Project object */ = {
			isa = PBXProject;
			attributes = {
				BuildIndependentTargetsInParallel = 1;
				LastSwiftUpdateCheck = 1500;
				LastUpgradeCheck = 1500;
				TargetAttributes = {
					C31A5ACF2BA2E6A100470036 = {
						CreatedOnToolsVersion = 15.0;
					};
				};
			};
			buildConfigurationList = C31A5ACB2BA2E6A100470036 /* Build configuration list for PBXProject "MenuProject" */;
			compatibilityVersion = "Xcode 14.0";
			developmentRegion = en;
			hasScannedForEncodings = 0;
			knownRegions = (
				en,
				Base,
			);
			mainGroup = C31A5AC72BA2E6A100470036;
			packageReferences = (
				DD8E140F2BD8076200C6E0D3 /* XCRemoteSwiftPackageReference "firebase-ios-sdk" */,
			);
			productRefGroup = C31A5AD12BA2E6A100470036 /* Products */;
			projectDirPath = "";
			projectRoot = "";
			targets = (
				C31A5ACF2BA2E6A100470036 /* MenuProject */,
			);
		};
/* End PBXProject section */

/* Begin PBXResourcesBuildPhase section */
		C31A5ACE2BA2E6A100470036 /* Resources */ = {
			isa = PBXResourcesBuildPhase;
			buildActionMask = 2147483647;
			files = (
				C31A5ADB2BA2E6A100470036 /* Preview Assets.xcassets in Resources */,
				C31A5AD82BA2E6A100470036 /* Assets.xcassets in Resources */,
				C31A5B4B2BA2EB2D00470036 /* GoogleService-Info.plist in Resources */,
			);
			runOnlyForDeploymentPostprocessing = 0;
		};
/* End PBXResourcesBuildPhase section */

/* Begin PBXSourcesBuildPhase section */
		C31A5ACC2BA2E6A100470036 /* Sources */ = {
			isa = PBXSourcesBuildPhase;
			buildActionMask = 2147483647;
			files = (
				C31A5AD62BA2E6A100470036 /* ContentView.swift in Sources */,
				DD8DB3B02BAC7307002F94B8 /* Colors.swift in Sources */,
				DD8DB3AE2BAC620A002F94B8 /* GroupCard.swift in Sources */,
				C31A5B532BA2F34900470036 /* DataManager.swift in Sources */,
				C31A5AD42BA2E6A100470036 /* MenuProjectApp.swift in Sources */,
				C3DB80E82BA9E50A005E7CF6 /* GroupDetailView.swift in Sources */,
				DD8E14032BD7E67900C6E0D3 /* RegisterPage.swift in Sources */,
				C31A5B4F2BA2F2A800470036 /* Homepage.swift in Sources */,
				C31A5B552BA3126300470036 /* CreateGroupView.swift in Sources */,
				DD8E14012BD7DEC900C6E0D3 /* LoginPage.swift in Sources */,
				C31A5B512BA2F2DD00470036 /* Group.swift in Sources */,
			);
			runOnlyForDeploymentPostprocessing = 0;
		};
/* End PBXSourcesBuildPhase section */

/* Begin XCBuildConfiguration section */
		C31A5ADC2BA2E6A100470036 /* Debug */ = {
			isa = XCBuildConfiguration;
			buildSettings = {
				ALWAYS_SEARCH_USER_PATHS = NO;
				ASSETCATALOG_COMPILER_GENERATE_SWIFT_ASSET_SYMBOL_EXTENSIONS = YES;
				CLANG_ANALYZER_NONNULL = YES;
				CLANG_ANALYZER_NUMBER_OBJECT_CONVERSION = YES_AGGRESSIVE;
				CLANG_CXX_LANGUAGE_STANDARD = "gnu++20";
				CLANG_ENABLE_MODULES = YES;
				CLANG_ENABLE_OBJC_ARC = YES;
				CLANG_ENABLE_OBJC_WEAK = YES;
				CLANG_WARN_BLOCK_CAPTURE_AUTORELEASING = YES;
				CLANG_WARN_BOOL_CONVERSION = YES;
				CLANG_WARN_COMMA = YES;
				CLANG_WARN_CONSTANT_CONVERSION = YES;
				CLANG_WARN_DEPRECATED_OBJC_IMPLEMENTATIONS = YES;
				CLANG_WARN_DIRECT_OBJC_ISA_USAGE = YES_ERROR;
				CLANG_WARN_DOCUMENTATION_COMMENTS = YES;
				CLANG_WARN_EMPTY_BODY = YES;
				CLANG_WARN_ENUM_CONVERSION = YES;
				CLANG_WARN_INFINITE_RECURSION = YES;
				CLANG_WARN_INT_CONVERSION = YES;
				CLANG_WARN_NON_LITERAL_NULL_CONVERSION = YES;
				CLANG_WARN_OBJC_IMPLICIT_RETAIN_SELF = YES;
				CLANG_WARN_OBJC_LITERAL_CONVERSION = YES;
				CLANG_WARN_OBJC_ROOT_CLASS = YES_ERROR;
				CLANG_WARN_QUOTED_INCLUDE_IN_FRAMEWORK_HEADER = YES;
				CLANG_WARN_RANGE_LOOP_ANALYSIS = YES;
				CLANG_WARN_STRICT_PROTOTYPES = YES;
				CLANG_WARN_SUSPICIOUS_MOVE = YES;
				CLANG_WARN_UNGUARDED_AVAILABILITY = YES_AGGRESSIVE;
				CLANG_WARN_UNREACHABLE_CODE = YES;
				CLANG_WARN__DUPLICATE_METHOD_MATCH = YES;
				COPY_PHASE_STRIP = NO;
				DEBUG_INFORMATION_FORMAT = dwarf;
				ENABLE_STRICT_OBJC_MSGSEND = YES;
				ENABLE_TESTABILITY = YES;
				ENABLE_USER_SCRIPT_SANDBOXING = YES;
				GCC_C_LANGUAGE_STANDARD = gnu17;
				GCC_DYNAMIC_NO_PIC = NO;
				GCC_NO_COMMON_BLOCKS = YES;
				GCC_OPTIMIZATION_LEVEL = 0;
				GCC_PREPROCESSOR_DEFINITIONS = (
					"DEBUG=1",
					"$(inherited)",
				);
				GCC_WARN_64_TO_32_BIT_CONVERSION = YES;
				GCC_WARN_ABOUT_RETURN_TYPE = YES_ERROR;
				GCC_WARN_UNDECLARED_SELECTOR = YES;
				GCC_WARN_UNINITIALIZED_AUTOS = YES_AGGRESSIVE;
				GCC_WARN_UNUSED_FUNCTION = YES;
				GCC_WARN_UNUSED_VARIABLE = YES;
				IPHONEOS_DEPLOYMENT_TARGET = 17.0;
				LOCALIZATION_PREFERS_STRING_CATALOGS = YES;
				MTL_ENABLE_DEBUG_INFO = INCLUDE_SOURCE;
				MTL_FAST_MATH = YES;
				ONLY_ACTIVE_ARCH = YES;
				SDKROOT = iphoneos;
				SWIFT_ACTIVE_COMPILATION_CONDITIONS = "DEBUG $(inherited)";
				SWIFT_OPTIMIZATION_LEVEL = "-Onone";
			};
			name = Debug;
		};
		C31A5ADD2BA2E6A100470036 /* Release */ = {
			isa = XCBuildConfiguration;
			buildSettings = {
				ALWAYS_SEARCH_USER_PATHS = NO;
				ASSETCATALOG_COMPILER_GENERATE_SWIFT_ASSET_SYMBOL_EXTENSIONS = YES;
				CLANG_ANALYZER_NONNULL = YES;
				CLANG_ANALYZER_NUMBER_OBJECT_CONVERSION = YES_AGGRESSIVE;
				CLANG_CXX_LANGUAGE_STANDARD = "gnu++20";
				CLANG_ENABLE_MODULES = YES;
				CLANG_ENABLE_OBJC_ARC = YES;
				CLANG_ENABLE_OBJC_WEAK = YES;
				CLANG_WARN_BLOCK_CAPTURE_AUTORELEASING = YES;
				CLANG_WARN_BOOL_CONVERSION = YES;
				CLANG_WARN_COMMA = YES;
				CLANG_WARN_CONSTANT_CONVERSION = YES;
				CLANG_WARN_DEPRECATED_OBJC_IMPLEMENTATIONS = YES;
				CLANG_WARN_DIRECT_OBJC_ISA_USAGE = YES_ERROR;
				CLANG_WARN_DOCUMENTATION_COMMENTS = YES;
				CLANG_WARN_EMPTY_BODY = YES;
				CLANG_WARN_ENUM_CONVERSION = YES;
				CLANG_WARN_INFINITE_RECURSION = YES;
				CLANG_WARN_INT_CONVERSION = YES;
				CLANG_WARN_NON_LITERAL_NULL_CONVERSION = YES;
				CLANG_WARN_OBJC_IMPLICIT_RETAIN_SELF = YES;
				CLANG_WARN_OBJC_LITERAL_CONVERSION = YES;
				CLANG_WARN_OBJC_ROOT_CLASS = YES_ERROR;
				CLANG_WARN_QUOTED_INCLUDE_IN_FRAMEWORK_HEADER = YES;
				CLANG_WARN_RANGE_LOOP_ANALYSIS = YES;
				CLANG_WARN_STRICT_PROTOTYPES = YES;
				CLANG_WARN_SUSPICIOUS_MOVE = YES;
				CLANG_WARN_UNGUARDED_AVAILABILITY = YES_AGGRESSIVE;
				CLANG_WARN_UNREACHABLE_CODE = YES;
				CLANG_WARN__DUPLICATE_METHOD_MATCH = YES;
				COPY_PHASE_STRIP = NO;
				DEBUG_INFORMATION_FORMAT = "dwarf-with-dsym";
				ENABLE_NS_ASSERTIONS = NO;
				ENABLE_STRICT_OBJC_MSGSEND = YES;
				ENABLE_USER_SCRIPT_SANDBOXING = YES;
				GCC_C_LANGUAGE_STANDARD = gnu17;
				GCC_NO_COMMON_BLOCKS = YES;
				GCC_WARN_64_TO_32_BIT_CONVERSION = YES;
				GCC_WARN_ABOUT_RETURN_TYPE = YES_ERROR;
				GCC_WARN_UNDECLARED_SELECTOR = YES;
				GCC_WARN_UNINITIALIZED_AUTOS = YES_AGGRESSIVE;
				GCC_WARN_UNUSED_FUNCTION = YES;
				GCC_WARN_UNUSED_VARIABLE = YES;
				IPHONEOS_DEPLOYMENT_TARGET = 17.0;
				LOCALIZATION_PREFERS_STRING_CATALOGS = YES;
				MTL_ENABLE_DEBUG_INFO = NO;
				MTL_FAST_MATH = YES;
				SDKROOT = iphoneos;
				SWIFT_COMPILATION_MODE = wholemodule;
				VALIDATE_PRODUCT = YES;
			};
			name = Release;
		};
		C31A5ADF2BA2E6A100470036 /* Debug */ = {
			isa = XCBuildConfiguration;
			buildSettings = {
				ASSETCATALOG_COMPILER_APPICON_NAME = AppIcon;
				ASSETCATALOG_COMPILER_GLOBAL_ACCENT_COLOR_NAME = AccentColor;
				CODE_SIGN_STYLE = Automatic;
				CURRENT_PROJECT_VERSION = 1;
				DEVELOPMENT_ASSET_PATHS = "\"MenuProject/Preview Content\"";
				ENABLE_PREVIEWS = YES;
				GENERATE_INFOPLIST_FILE = YES;
				INFOPLIST_KEY_UIApplicationSceneManifest_Generation = YES;
				INFOPLIST_KEY_UIApplicationSupportsIndirectInputEvents = YES;
				INFOPLIST_KEY_UILaunchScreen_Generation = YES;
				INFOPLIST_KEY_UISupportedInterfaceOrientations_iPad = "UIInterfaceOrientationPortrait UIInterfaceOrientationPortraitUpsideDown UIInterfaceOrientationLandscapeLeft UIInterfaceOrientationLandscapeRight";
				INFOPLIST_KEY_UISupportedInterfaceOrientations_iPhone = "UIInterfaceOrientationPortrait UIInterfaceOrientationLandscapeLeft UIInterfaceOrientationLandscapeRight";
				LD_RUNPATH_SEARCH_PATHS = (
					"$(inherited)",
					"@executable_path/Frameworks",
				);
				MARKETING_VERSION = 1.0;
				PRODUCT_BUNDLE_IDENTIFIER = com.zouhar.rybarova.MenuProject;
				PRODUCT_NAME = "$(TARGET_NAME)";
				SWIFT_EMIT_LOC_STRINGS = YES;
				SWIFT_VERSION = 5.0;
				TARGETED_DEVICE_FAMILY = "1,2";
			};
			name = Debug;
		};
		C31A5AE02BA2E6A100470036 /* Release */ = {
			isa = XCBuildConfiguration;
			buildSettings = {
				ASSETCATALOG_COMPILER_APPICON_NAME = AppIcon;
				ASSETCATALOG_COMPILER_GLOBAL_ACCENT_COLOR_NAME = AccentColor;
				CODE_SIGN_STYLE = Automatic;
				CURRENT_PROJECT_VERSION = 1;
				DEVELOPMENT_ASSET_PATHS = "\"MenuProject/Preview Content\"";
				ENABLE_PREVIEWS = YES;
				GENERATE_INFOPLIST_FILE = YES;
				INFOPLIST_KEY_UIApplicationSceneManifest_Generation = YES;
				INFOPLIST_KEY_UIApplicationSupportsIndirectInputEvents = YES;
				INFOPLIST_KEY_UILaunchScreen_Generation = YES;
				INFOPLIST_KEY_UISupportedInterfaceOrientations_iPad = "UIInterfaceOrientationPortrait UIInterfaceOrientationPortraitUpsideDown UIInterfaceOrientationLandscapeLeft UIInterfaceOrientationLandscapeRight";
				INFOPLIST_KEY_UISupportedInterfaceOrientations_iPhone = "UIInterfaceOrientationPortrait UIInterfaceOrientationLandscapeLeft UIInterfaceOrientationLandscapeRight";
				LD_RUNPATH_SEARCH_PATHS = (
					"$(inherited)",
					"@executable_path/Frameworks",
				);
				MARKETING_VERSION = 1.0;
				PRODUCT_BUNDLE_IDENTIFIER = com.zouhar.rybarova.MenuProject;
				PRODUCT_NAME = "$(TARGET_NAME)";
				SWIFT_EMIT_LOC_STRINGS = YES;
				SWIFT_VERSION = 5.0;
				TARGETED_DEVICE_FAMILY = "1,2";
			};
			name = Release;
		};
/* End XCBuildConfiguration section */

/* Begin XCConfigurationList section */
		C31A5ACB2BA2E6A100470036 /* Build configuration list for PBXProject "MenuProject" */ = {
			isa = XCConfigurationList;
			buildConfigurations = (
				C31A5ADC2BA2E6A100470036 /* Debug */,
				C31A5ADD2BA2E6A100470036 /* Release */,
			);
			defaultConfigurationIsVisible = 0;
			defaultConfigurationName = Release;
		};
		C31A5ADE2BA2E6A100470036 /* Build configuration list for PBXNativeTarget "MenuProject" */ = {
			isa = XCConfigurationList;
			buildConfigurations = (
				C31A5ADF2BA2E6A100470036 /* Debug */,
				C31A5AE02BA2E6A100470036 /* Release */,
			);
			defaultConfigurationIsVisible = 0;
			defaultConfigurationName = Release;
		};
/* End XCConfigurationList section */

/* Begin XCRemoteSwiftPackageReference section */
		DD8E140F2BD8076200C6E0D3 /* XCRemoteSwiftPackageReference "firebase-ios-sdk" */ = {
			isa = XCRemoteSwiftPackageReference;
			repositoryURL = "https://github.com/firebase/firebase-ios-sdk.git";
			requirement = {
				kind = upToNextMajorVersion;
				minimumVersion = 10.24.0;
			};
		};
/* End XCRemoteSwiftPackageReference section */

/* Begin XCSwiftPackageProductDependency section */
		DD8E14102BD8076200C6E0D3 /* FirebaseAnalytics */ = {
			isa = XCSwiftPackageProductDependency;
			package = DD8E140F2BD8076200C6E0D3 /* XCRemoteSwiftPackageReference "firebase-ios-sdk" */;
			productName = FirebaseAnalytics;
		};
		DD8E14122BD8076200C6E0D3 /* FirebaseAnalyticsOnDeviceConversion */ = {
			isa = XCSwiftPackageProductDependency;
			package = DD8E140F2BD8076200C6E0D3 /* XCRemoteSwiftPackageReference "firebase-ios-sdk" */;
			productName = FirebaseAnalyticsOnDeviceConversion;
		};
		DD8E14142BD8076200C6E0D3 /* FirebaseAnalyticsSwift */ = {
			isa = XCSwiftPackageProductDependency;
			package = DD8E140F2BD8076200C6E0D3 /* XCRemoteSwiftPackageReference "firebase-ios-sdk" */;
			productName = FirebaseAnalyticsSwift;
		};
		DD8E14162BD8076200C6E0D3 /* FirebaseAnalyticsWithoutAdIdSupport */ = {
			isa = XCSwiftPackageProductDependency;
			package = DD8E140F2BD8076200C6E0D3 /* XCRemoteSwiftPackageReference "firebase-ios-sdk" */;
			productName = FirebaseAnalyticsWithoutAdIdSupport;
		};
		DD8E14182BD8076200C6E0D3 /* FirebaseAppDistribution-Beta */ = {
			isa = XCSwiftPackageProductDependency;
			package = DD8E140F2BD8076200C6E0D3 /* XCRemoteSwiftPackageReference "firebase-ios-sdk" */;
			productName = "FirebaseAppDistribution-Beta";
		};
		DD8E141A2BD8076200C6E0D3 /* FirebaseAuth */ = {
			isa = XCSwiftPackageProductDependency;
			package = DD8E140F2BD8076200C6E0D3 /* XCRemoteSwiftPackageReference "firebase-ios-sdk" */;
			productName = FirebaseAuth;
		};
		DD8E141C2BD8076200C6E0D3 /* FirebaseAuthCombine-Community */ = {
			isa = XCSwiftPackageProductDependency;
			package = DD8E140F2BD8076200C6E0D3 /* XCRemoteSwiftPackageReference "firebase-ios-sdk" */;
			productName = "FirebaseAuthCombine-Community";
		};
		DD8E141E2BD8076200C6E0D3 /* FirebaseCrashlytics */ = {
			isa = XCSwiftPackageProductDependency;
			package = DD8E140F2BD8076200C6E0D3 /* XCRemoteSwiftPackageReference "firebase-ios-sdk" */;
			productName = FirebaseCrashlytics;
		};
		DD8E14202BD8076200C6E0D3 /* FirebaseDatabase */ = {
			isa = XCSwiftPackageProductDependency;
			package = DD8E140F2BD8076200C6E0D3 /* XCRemoteSwiftPackageReference "firebase-ios-sdk" */;
			productName = FirebaseDatabase;
		};
		DD8E14222BD8076200C6E0D3 /* FirebaseDatabaseSwift */ = {
			isa = XCSwiftPackageProductDependency;
			package = DD8E140F2BD8076200C6E0D3 /* XCRemoteSwiftPackageReference "firebase-ios-sdk" */;
			productName = FirebaseDatabaseSwift;
		};
		DD8E14242BD8076200C6E0D3 /* FirebaseDynamicLinks */ = {
			isa = XCSwiftPackageProductDependency;
			package = DD8E140F2BD8076200C6E0D3 /* XCRemoteSwiftPackageReference "firebase-ios-sdk" */;
			productName = FirebaseDynamicLinks;
		};
		DD8E14262BD8076200C6E0D3 /* FirebaseFirestore */ = {
			isa = XCSwiftPackageProductDependency;
			package = DD8E140F2BD8076200C6E0D3 /* XCRemoteSwiftPackageReference "firebase-ios-sdk" */;
			productName = FirebaseFirestore;
		};
		DD8E14282BD8076200C6E0D3 /* FirebaseFirestoreCombine-Community */ = {
			isa = XCSwiftPackageProductDependency;
			package = DD8E140F2BD8076200C6E0D3 /* XCRemoteSwiftPackageReference "firebase-ios-sdk" */;
			productName = "FirebaseFirestoreCombine-Community";
		};
		DD8E142A2BD8076200C6E0D3 /* FirebaseFirestoreSwift */ = {
			isa = XCSwiftPackageProductDependency;
			package = DD8E140F2BD8076200C6E0D3 /* XCRemoteSwiftPackageReference "firebase-ios-sdk" */;
			productName = FirebaseFirestoreSwift;
		};
		DD8E142C2BD8076200C6E0D3 /* FirebaseFunctions */ = {
			isa = XCSwiftPackageProductDependency;
			package = DD8E140F2BD8076200C6E0D3 /* XCRemoteSwiftPackageReference "firebase-ios-sdk" */;
			productName = FirebaseFunctions;
		};
		DD8E142E2BD8076200C6E0D3 /* FirebaseFunctionsCombine-Community */ = {
			isa = XCSwiftPackageProductDependency;
			package = DD8E140F2BD8076200C6E0D3 /* XCRemoteSwiftPackageReference "firebase-ios-sdk" */;
			productName = "FirebaseFunctionsCombine-Community";
		};
		DD8E14302BD8076200C6E0D3 /* FirebaseInAppMessaging-Beta */ = {
			isa = XCSwiftPackageProductDependency;
			package = DD8E140F2BD8076200C6E0D3 /* XCRemoteSwiftPackageReference "firebase-ios-sdk" */;
			productName = "FirebaseInAppMessaging-Beta";
		};
		DD8E14322BD8076200C6E0D3 /* FirebaseInAppMessagingSwift-Beta */ = {
			isa = XCSwiftPackageProductDependency;
			package = DD8E140F2BD8076200C6E0D3 /* XCRemoteSwiftPackageReference "firebase-ios-sdk" */;
			productName = "FirebaseInAppMessagingSwift-Beta";
		};
		DD8E14342BD8076200C6E0D3 /* FirebaseInstallations */ = {
			isa = XCSwiftPackageProductDependency;
			package = DD8E140F2BD8076200C6E0D3 /* XCRemoteSwiftPackageReference "firebase-ios-sdk" */;
			productName = FirebaseInstallations;
		};
		DD8E14362BD8076200C6E0D3 /* FirebaseMLModelDownloader */ = {
			isa = XCSwiftPackageProductDependency;
			package = DD8E140F2BD8076200C6E0D3 /* XCRemoteSwiftPackageReference "firebase-ios-sdk" */;
			productName = FirebaseMLModelDownloader;
		};
		DD8E14382BD8076200C6E0D3 /* FirebaseMessaging */ = {
			isa = XCSwiftPackageProductDependency;
			package = DD8E140F2BD8076200C6E0D3 /* XCRemoteSwiftPackageReference "firebase-ios-sdk" */;
			productName = FirebaseMessaging;
		};
		DD8E143A2BD8076200C6E0D3 /* FirebasePerformance */ = {
			isa = XCSwiftPackageProductDependency;
			package = DD8E140F2BD8076200C6E0D3 /* XCRemoteSwiftPackageReference "firebase-ios-sdk" */;
			productName = FirebasePerformance;
		};
		DD8E143C2BD8076200C6E0D3 /* FirebaseRemoteConfig */ = {
			isa = XCSwiftPackageProductDependency;
			package = DD8E140F2BD8076200C6E0D3 /* XCRemoteSwiftPackageReference "firebase-ios-sdk" */;
			productName = FirebaseRemoteConfig;
		};
		DD8E143E2BD8076200C6E0D3 /* FirebaseRemoteConfigSwift */ = {
			isa = XCSwiftPackageProductDependency;
			package = DD8E140F2BD8076200C6E0D3 /* XCRemoteSwiftPackageReference "firebase-ios-sdk" */;
			productName = FirebaseRemoteConfigSwift;
		};
		DD8E14402BD8076200C6E0D3 /* FirebaseStorage */ = {
			isa = XCSwiftPackageProductDependency;
			package = DD8E140F2BD8076200C6E0D3 /* XCRemoteSwiftPackageReference "firebase-ios-sdk" */;
			productName = FirebaseStorage;
		};
		DD8E14422BD8076200C6E0D3 /* FirebaseStorageCombine-Community */ = {
			isa = XCSwiftPackageProductDependency;
			package = DD8E140F2BD8076200C6E0D3 /* XCRemoteSwiftPackageReference "firebase-ios-sdk" */;
			productName = "FirebaseStorageCombine-Community";
		};
/* End XCSwiftPackageProductDependency section */
	};
	rootObject = C31A5AC82BA2E6A100470036 /* Project object */;
}
