// !$*UTF8*$!
{
	archiveVersion = 1;
	classes = {
	};
	objectVersion = 56;
	objects = {

/* Begin PBXBuildFile section */
		C31A5AD42BA2E6A100470036 /* MenuProjectApp.swift in Sources */ = {isa = PBXBuildFile; fileRef = C31A5AD32BA2E6A100470036 /* MenuProjectApp.swift */; };
		C31A5AD62BA2E6A100470036 /* ContentView.swift in Sources */ = {isa = PBXBuildFile; fileRef = C31A5AD52BA2E6A100470036 /* ContentView.swift */; };
		C31A5AD82BA2E6A100470036 /* Assets.xcassets in Resources */ = {isa = PBXBuildFile; fileRef = C31A5AD72BA2E6A100470036 /* Assets.xcassets */; };
		C31A5ADB2BA2E6A100470036 /* Preview Assets.xcassets in Resources */ = {isa = PBXBuildFile; fileRef = C31A5ADA2BA2E6A100470036 /* Preview Assets.xcassets */; };
		C31A5AE32BA2E9E300470036 /* FirebaseAnalytics in Frameworks */ = {isa = PBXBuildFile; productRef = C31A5AE22BA2E9E300470036 /* FirebaseAnalytics */; };
		C31A5AE52BA2E9E300470036 /* FirebaseAnalyticsOnDeviceConversion in Frameworks */ = {isa = PBXBuildFile; productRef = C31A5AE42BA2E9E300470036 /* FirebaseAnalyticsOnDeviceConversion */; };
		C31A5AE72BA2E9E300470036 /* FirebaseAnalyticsSwift in Frameworks */ = {isa = PBXBuildFile; productRef = C31A5AE62BA2E9E300470036 /* FirebaseAnalyticsSwift */; };
		C31A5AE92BA2E9E300470036 /* FirebaseAppDistribution-Beta in Frameworks */ = {isa = PBXBuildFile; productRef = C31A5AE82BA2E9E300470036 /* FirebaseAppDistribution-Beta */; };
		C31A5AEB2BA2E9E300470036 /* FirebaseAuth in Frameworks */ = {isa = PBXBuildFile; productRef = C31A5AEA2BA2E9E300470036 /* FirebaseAuth */; };
		C31A5AED2BA2E9E300470036 /* FirebaseAuthCombine-Community in Frameworks */ = {isa = PBXBuildFile; productRef = C31A5AEC2BA2E9E300470036 /* FirebaseAuthCombine-Community */; };
		C31A5AEF2BA2E9E300470036 /* FirebaseCrashlytics in Frameworks */ = {isa = PBXBuildFile; productRef = C31A5AEE2BA2E9E300470036 /* FirebaseCrashlytics */; };
		C31A5AF12BA2E9E300470036 /* FirebaseDatabase in Frameworks */ = {isa = PBXBuildFile; productRef = C31A5AF02BA2E9E300470036 /* FirebaseDatabase */; };
		C31A5AF32BA2E9E300470036 /* FirebaseDatabaseSwift in Frameworks */ = {isa = PBXBuildFile; productRef = C31A5AF22BA2E9E300470036 /* FirebaseDatabaseSwift */; };
		C31A5AF52BA2E9E300470036 /* FirebaseDynamicLinks in Frameworks */ = {isa = PBXBuildFile; productRef = C31A5AF42BA2E9E300470036 /* FirebaseDynamicLinks */; };
		C31A5AF72BA2E9E300470036 /* FirebaseFirestore in Frameworks */ = {isa = PBXBuildFile; productRef = C31A5AF62BA2E9E300470036 /* FirebaseFirestore */; };
		C31A5AF92BA2E9E300470036 /* FirebaseFirestoreCombine-Community in Frameworks */ = {isa = PBXBuildFile; productRef = C31A5AF82BA2E9E300470036 /* FirebaseFirestoreCombine-Community */; };
		C31A5AFB2BA2E9E300470036 /* FirebaseFirestoreSwift in Frameworks */ = {isa = PBXBuildFile; productRef = C31A5AFA2BA2E9E300470036 /* FirebaseFirestoreSwift */; };
		C31A5AFD2BA2E9E300470036 /* FirebaseFunctions in Frameworks */ = {isa = PBXBuildFile; productRef = C31A5AFC2BA2E9E300470036 /* FirebaseFunctions */; };
		C31A5AFF2BA2E9E300470036 /* FirebaseFunctionsCombine-Community in Frameworks */ = {isa = PBXBuildFile; productRef = C31A5AFE2BA2E9E300470036 /* FirebaseFunctionsCombine-Community */; };
		C31A5B012BA2E9E300470036 /* FirebaseInAppMessaging-Beta in Frameworks */ = {isa = PBXBuildFile; productRef = C31A5B002BA2E9E300470036 /* FirebaseInAppMessaging-Beta */; };
		C31A5B032BA2E9E300470036 /* FirebaseInAppMessagingSwift-Beta in Frameworks */ = {isa = PBXBuildFile; productRef = C31A5B022BA2E9E300470036 /* FirebaseInAppMessagingSwift-Beta */; };
		C31A5B052BA2E9E300470036 /* FirebaseInstallations in Frameworks */ = {isa = PBXBuildFile; productRef = C31A5B042BA2E9E300470036 /* FirebaseInstallations */; };
		C31A5B072BA2E9E300470036 /* FirebaseMLModelDownloader in Frameworks */ = {isa = PBXBuildFile; productRef = C31A5B062BA2E9E300470036 /* FirebaseMLModelDownloader */; };
		C31A5B092BA2E9E300470036 /* FirebaseMessaging in Frameworks */ = {isa = PBXBuildFile; productRef = C31A5B082BA2E9E300470036 /* FirebaseMessaging */; };
		C31A5B0B2BA2E9E300470036 /* FirebasePerformance in Frameworks */ = {isa = PBXBuildFile; productRef = C31A5B0A2BA2E9E300470036 /* FirebasePerformance */; };
		C31A5B0D2BA2E9E300470036 /* FirebaseRemoteConfig in Frameworks */ = {isa = PBXBuildFile; productRef = C31A5B0C2BA2E9E300470036 /* FirebaseRemoteConfig */; };
		C31A5B0F2BA2E9E300470036 /* FirebaseRemoteConfigSwift in Frameworks */ = {isa = PBXBuildFile; productRef = C31A5B0E2BA2E9E300470036 /* FirebaseRemoteConfigSwift */; };
		C31A5B112BA2E9E300470036 /* FirebaseStorage in Frameworks */ = {isa = PBXBuildFile; productRef = C31A5B102BA2E9E300470036 /* FirebaseStorage */; };
		C31A5B132BA2E9E300470036 /* FirebaseStorageCombine-Community in Frameworks */ = {isa = PBXBuildFile; productRef = C31A5B122BA2E9E300470036 /* FirebaseStorageCombine-Community */; };
		C31A5B152BA2EA0000470036 /* FirebaseAnalytics in Frameworks */ = {isa = PBXBuildFile; productRef = C31A5B142BA2EA0000470036 /* FirebaseAnalytics */; };
		C31A5B172BA2EA0000470036 /* FirebaseAnalyticsOnDeviceConversion in Frameworks */ = {isa = PBXBuildFile; productRef = C31A5B162BA2EA0000470036 /* FirebaseAnalyticsOnDeviceConversion */; };
		C31A5B192BA2EA0000470036 /* FirebaseAnalyticsSwift in Frameworks */ = {isa = PBXBuildFile; productRef = C31A5B182BA2EA0000470036 /* FirebaseAnalyticsSwift */; };
		C31A5B1B2BA2EA0000470036 /* FirebaseAnalyticsWithoutAdIdSupport in Frameworks */ = {isa = PBXBuildFile; productRef = C31A5B1A2BA2EA0000470036 /* FirebaseAnalyticsWithoutAdIdSupport */; };
		C31A5B1D2BA2EA0000470036 /* FirebaseAppCheck in Frameworks */ = {isa = PBXBuildFile; productRef = C31A5B1C2BA2EA0000470036 /* FirebaseAppCheck */; };
		C31A5B1F2BA2EA0000470036 /* FirebaseAppDistribution-Beta in Frameworks */ = {isa = PBXBuildFile; productRef = C31A5B1E2BA2EA0000470036 /* FirebaseAppDistribution-Beta */; };
		C31A5B212BA2EA0000470036 /* FirebaseAuth in Frameworks */ = {isa = PBXBuildFile; productRef = C31A5B202BA2EA0000470036 /* FirebaseAuth */; };
		C31A5B232BA2EA0000470036 /* FirebaseAuthCombine-Community in Frameworks */ = {isa = PBXBuildFile; productRef = C31A5B222BA2EA0000470036 /* FirebaseAuthCombine-Community */; };
		C31A5B252BA2EA0000470036 /* FirebaseCrashlytics in Frameworks */ = {isa = PBXBuildFile; productRef = C31A5B242BA2EA0000470036 /* FirebaseCrashlytics */; };
		C31A5B272BA2EA0000470036 /* FirebaseDatabase in Frameworks */ = {isa = PBXBuildFile; productRef = C31A5B262BA2EA0000470036 /* FirebaseDatabase */; };
		C31A5B292BA2EA0000470036 /* FirebaseDatabaseSwift in Frameworks */ = {isa = PBXBuildFile; productRef = C31A5B282BA2EA0000470036 /* FirebaseDatabaseSwift */; };
		C31A5B2B2BA2EA0000470036 /* FirebaseDynamicLinks in Frameworks */ = {isa = PBXBuildFile; productRef = C31A5B2A2BA2EA0000470036 /* FirebaseDynamicLinks */; };
		C31A5B2D2BA2EA0000470036 /* FirebaseFirestore in Frameworks */ = {isa = PBXBuildFile; productRef = C31A5B2C2BA2EA0000470036 /* FirebaseFirestore */; };
		C31A5B2F2BA2EA0000470036 /* FirebaseFirestoreCombine-Community in Frameworks */ = {isa = PBXBuildFile; productRef = C31A5B2E2BA2EA0000470036 /* FirebaseFirestoreCombine-Community */; };
		C31A5B312BA2EA0000470036 /* FirebaseFirestoreSwift in Frameworks */ = {isa = PBXBuildFile; productRef = C31A5B302BA2EA0000470036 /* FirebaseFirestoreSwift */; };
		C31A5B332BA2EA0000470036 /* FirebaseFunctions in Frameworks */ = {isa = PBXBuildFile; productRef = C31A5B322BA2EA0000470036 /* FirebaseFunctions */; };
		C31A5B352BA2EA0000470036 /* FirebaseFunctionsCombine-Community in Frameworks */ = {isa = PBXBuildFile; productRef = C31A5B342BA2EA0000470036 /* FirebaseFunctionsCombine-Community */; };
		C31A5B372BA2EA0000470036 /* FirebaseInAppMessaging-Beta in Frameworks */ = {isa = PBXBuildFile; productRef = C31A5B362BA2EA0000470036 /* FirebaseInAppMessaging-Beta */; };
		C31A5B392BA2EA0000470036 /* FirebaseInAppMessagingSwift-Beta in Frameworks */ = {isa = PBXBuildFile; productRef = C31A5B382BA2EA0000470036 /* FirebaseInAppMessagingSwift-Beta */; };
		C31A5B3B2BA2EA0000470036 /* FirebaseInstallations in Frameworks */ = {isa = PBXBuildFile; productRef = C31A5B3A2BA2EA0000470036 /* FirebaseInstallations */; };
		C31A5B3D2BA2EA0000470036 /* FirebaseMLModelDownloader in Frameworks */ = {isa = PBXBuildFile; productRef = C31A5B3C2BA2EA0000470036 /* FirebaseMLModelDownloader */; };
		C31A5B3F2BA2EA0000470036 /* FirebaseMessaging in Frameworks */ = {isa = PBXBuildFile; productRef = C31A5B3E2BA2EA0000470036 /* FirebaseMessaging */; };
		C31A5B412BA2EA0000470036 /* FirebasePerformance in Frameworks */ = {isa = PBXBuildFile; productRef = C31A5B402BA2EA0000470036 /* FirebasePerformance */; };
		C31A5B432BA2EA0000470036 /* FirebaseRemoteConfig in Frameworks */ = {isa = PBXBuildFile; productRef = C31A5B422BA2EA0000470036 /* FirebaseRemoteConfig */; };
		C31A5B452BA2EA0000470036 /* FirebaseRemoteConfigSwift in Frameworks */ = {isa = PBXBuildFile; productRef = C31A5B442BA2EA0000470036 /* FirebaseRemoteConfigSwift */; };
		C31A5B472BA2EA0000470036 /* FirebaseStorage in Frameworks */ = {isa = PBXBuildFile; productRef = C31A5B462BA2EA0000470036 /* FirebaseStorage */; };
		C31A5B492BA2EA0000470036 /* FirebaseStorageCombine-Community in Frameworks */ = {isa = PBXBuildFile; productRef = C31A5B482BA2EA0000470036 /* FirebaseStorageCombine-Community */; };
		C31A5B4B2BA2EB2D00470036 /* GoogleService-Info.plist in Resources */ = {isa = PBXBuildFile; fileRef = C31A5B4A2BA2EB2D00470036 /* GoogleService-Info.plist */; };
		C31A5B4F2BA2F2A800470036 /* ListView.swift in Sources */ = {isa = PBXBuildFile; fileRef = C31A5B4E2BA2F2A800470036 /* ListView.swift */; };
		C31A5B512BA2F2DD00470036 /* Group.swift in Sources */ = {isa = PBXBuildFile; fileRef = C31A5B502BA2F2DD00470036 /* Group.swift */; };
		C31A5B532BA2F34900470036 /* DataManager.swift in Sources */ = {isa = PBXBuildFile; fileRef = C31A5B522BA2F34900470036 /* DataManager.swift */; };
		C31A5B552BA3126300470036 /* CreateGroupView.swift in Sources */ = {isa = PBXBuildFile; fileRef = C31A5B542BA3126300470036 /* CreateGroupView.swift */; };
		C3B67B1B2BFBE365004F282B /* Restaurant.swift in Sources */ = {isa = PBXBuildFile; fileRef = C3B67B1A2BFBE365004F282B /* Restaurant.swift */; };
		C3B67B1F2BFBE43E004F282B /* SwiftUIView.swift in Sources */ = {isa = PBXBuildFile; fileRef = C3B67B1E2BFBE43E004F282B /* SwiftUIView.swift */; };
		C3B67B212BFBE457004F282B /* RegisterPage.swift in Sources */ = {isa = PBXBuildFile; fileRef = C3B67B202BFBE457004F282B /* RegisterPage.swift */; };
		C3B67B252BFC6ABA004F282B /* UserAuth.swift in Sources */ = {isa = PBXBuildFile; fileRef = C3B67B242BFC6ABA004F282B /* UserAuth.swift */; };
		C3DB80E82BA9E50A005E7CF6 /* GroupDetailView.swift in Sources */ = {isa = PBXBuildFile; fileRef = C3DB80E72BA9E50A005E7CF6 /* GroupDetailView.swift */; };
		DD8DB3AE2BAC620A002F94B8 /* GroupCard.swift in Sources */ = {isa = PBXBuildFile; fileRef = DD8DB3AD2BAC620A002F94B8 /* GroupCard.swift */; };
		DD8DB3B02BAC7307002F94B8 /* Colors.swift in Sources */ = {isa = PBXBuildFile; fileRef = DD8DB3AF2BAC7307002F94B8 /* Colors.swift */; };
/* End PBXBuildFile section */

/* Begin PBXFileReference section */
		C31A5AD02BA2E6A100470036 /* MenuProject.app */ = {isa = PBXFileReference; explicitFileType = wrapper.application; includeInIndex = 0; path = MenuProject.app; sourceTree = BUILT_PRODUCTS_DIR; };
		C31A5AD32BA2E6A100470036 /* MenuProjectApp.swift */ = {isa = PBXFileReference; lastKnownFileType = sourcecode.swift; path = MenuProjectApp.swift; sourceTree = "<group>"; };
		C31A5AD52BA2E6A100470036 /* ContentView.swift */ = {isa = PBXFileReference; lastKnownFileType = sourcecode.swift; path = ContentView.swift; sourceTree = "<group>"; };
		C31A5AD72BA2E6A100470036 /* Assets.xcassets */ = {isa = PBXFileReference; lastKnownFileType = folder.assetcatalog; path = Assets.xcassets; sourceTree = "<group>"; };
		C31A5ADA2BA2E6A100470036 /* Preview Assets.xcassets */ = {isa = PBXFileReference; lastKnownFileType = folder.assetcatalog; path = "Preview Assets.xcassets"; sourceTree = "<group>"; };
		C31A5B4A2BA2EB2D00470036 /* GoogleService-Info.plist */ = {isa = PBXFileReference; fileEncoding = 4; lastKnownFileType = text.plist.xml; path = "GoogleService-Info.plist"; sourceTree = "<group>"; };
		C31A5B4E2BA2F2A800470036 /* ListView.swift */ = {isa = PBXFileReference; lastKnownFileType = sourcecode.swift; path = ListView.swift; sourceTree = "<group>"; };
		C31A5B502BA2F2DD00470036 /* Group.swift */ = {isa = PBXFileReference; lastKnownFileType = sourcecode.swift; path = Group.swift; sourceTree = "<group>"; };
		C31A5B522BA2F34900470036 /* DataManager.swift */ = {isa = PBXFileReference; lastKnownFileType = sourcecode.swift; path = DataManager.swift; sourceTree = "<group>"; };
		C31A5B542BA3126300470036 /* CreateGroupView.swift */ = {isa = PBXFileReference; lastKnownFileType = sourcecode.swift; path = CreateGroupView.swift; sourceTree = "<group>"; };
		C3B67B1A2BFBE365004F282B /* Restaurant.swift */ = {isa = PBXFileReference; lastKnownFileType = sourcecode.swift; path = Restaurant.swift; sourceTree = "<group>"; };
		C3B67B1E2BFBE43E004F282B /* SwiftUIView.swift */ = {isa = PBXFileReference; lastKnownFileType = sourcecode.swift; path = SwiftUIView.swift; sourceTree = "<group>"; };
		C3B67B202BFBE457004F282B /* RegisterPage.swift */ = {isa = PBXFileReference; lastKnownFileType = sourcecode.swift; path = RegisterPage.swift; sourceTree = "<group>"; };
		C3B67B242BFC6ABA004F282B /* UserAuth.swift */ = {isa = PBXFileReference; lastKnownFileType = sourcecode.swift; path = UserAuth.swift; sourceTree = "<group>"; };
		C3DB80E72BA9E50A005E7CF6 /* GroupDetailView.swift */ = {isa = PBXFileReference; lastKnownFileType = sourcecode.swift; path = GroupDetailView.swift; sourceTree = "<group>"; };
		DD8DB3AD2BAC620A002F94B8 /* GroupCard.swift */ = {isa = PBXFileReference; lastKnownFileType = sourcecode.swift; path = GroupCard.swift; sourceTree = "<group>"; };
		DD8DB3AF2BAC7307002F94B8 /* Colors.swift */ = {isa = PBXFileReference; lastKnownFileType = sourcecode.swift; path = Colors.swift; sourceTree = "<group>"; };
/* End PBXFileReference section */

/* Begin PBXFrameworksBuildPhase section */
		C31A5ACD2BA2E6A100470036 /* Frameworks */ = {
			isa = PBXFrameworksBuildPhase;
			buildActionMask = 2147483647;
			files = (
				C31A5B2F2BA2EA0000470036 /* FirebaseFirestoreCombine-Community in Frameworks */,
				C31A5B372BA2EA0000470036 /* FirebaseInAppMessaging-Beta in Frameworks */,
				C31A5AE72BA2E9E300470036 /* FirebaseAnalyticsSwift in Frameworks */,
				C31A5B032BA2E9E300470036 /* FirebaseInAppMessagingSwift-Beta in Frameworks */,
				C31A5AFD2BA2E9E300470036 /* FirebaseFunctions in Frameworks */,
				C31A5B1F2BA2EA0000470036 /* FirebaseAppDistribution-Beta in Frameworks */,
				C31A5B052BA2E9E300470036 /* FirebaseInstallations in Frameworks */,
				C31A5B272BA2EA0000470036 /* FirebaseDatabase in Frameworks */,
				C31A5B192BA2EA0000470036 /* FirebaseAnalyticsSwift in Frameworks */,
				C31A5B3D2BA2EA0000470036 /* FirebaseMLModelDownloader in Frameworks */,
				C31A5B172BA2EA0000470036 /* FirebaseAnalyticsOnDeviceConversion in Frameworks */,
				C31A5B152BA2EA0000470036 /* FirebaseAnalytics in Frameworks */,
				C31A5AED2BA2E9E300470036 /* FirebaseAuthCombine-Community in Frameworks */,
				C31A5B112BA2E9E300470036 /* FirebaseStorage in Frameworks */,
				C31A5B1B2BA2EA0000470036 /* FirebaseAnalyticsWithoutAdIdSupport in Frameworks */,
				C31A5B292BA2EA0000470036 /* FirebaseDatabaseSwift in Frameworks */,
				C31A5AEB2BA2E9E300470036 /* FirebaseAuth in Frameworks */,
				C31A5B432BA2EA0000470036 /* FirebaseRemoteConfig in Frameworks */,
				C31A5B312BA2EA0000470036 /* FirebaseFirestoreSwift in Frameworks */,
				C31A5AF32BA2E9E300470036 /* FirebaseDatabaseSwift in Frameworks */,
				C31A5B252BA2EA0000470036 /* FirebaseCrashlytics in Frameworks */,
				C31A5AEF2BA2E9E300470036 /* FirebaseCrashlytics in Frameworks */,
				C31A5AE32BA2E9E300470036 /* FirebaseAnalytics in Frameworks */,
				C31A5AE52BA2E9E300470036 /* FirebaseAnalyticsOnDeviceConversion in Frameworks */,
				C31A5B392BA2EA0000470036 /* FirebaseInAppMessagingSwift-Beta in Frameworks */,
				C31A5B3F2BA2EA0000470036 /* FirebaseMessaging in Frameworks */,
				C31A5AFF2BA2E9E300470036 /* FirebaseFunctionsCombine-Community in Frameworks */,
				C31A5B0D2BA2E9E300470036 /* FirebaseRemoteConfig in Frameworks */,
				C31A5AFB2BA2E9E300470036 /* FirebaseFirestoreSwift in Frameworks */,
				C31A5B472BA2EA0000470036 /* FirebaseStorage in Frameworks */,
				C31A5B092BA2E9E300470036 /* FirebaseMessaging in Frameworks */,
				C31A5B2D2BA2EA0000470036 /* FirebaseFirestore in Frameworks */,
				C31A5B072BA2E9E300470036 /* FirebaseMLModelDownloader in Frameworks */,
				C31A5B0B2BA2E9E300470036 /* FirebasePerformance in Frameworks */,
				C31A5AF12BA2E9E300470036 /* FirebaseDatabase in Frameworks */,
				C31A5B012BA2E9E300470036 /* FirebaseInAppMessaging-Beta in Frameworks */,
				C31A5B0F2BA2E9E300470036 /* FirebaseRemoteConfigSwift in Frameworks */,
				C31A5AE92BA2E9E300470036 /* FirebaseAppDistribution-Beta in Frameworks */,
				C31A5B452BA2EA0000470036 /* FirebaseRemoteConfigSwift in Frameworks */,
				C31A5B2B2BA2EA0000470036 /* FirebaseDynamicLinks in Frameworks */,
				C31A5AF92BA2E9E300470036 /* FirebaseFirestoreCombine-Community in Frameworks */,
				C31A5B412BA2EA0000470036 /* FirebasePerformance in Frameworks */,
				C31A5B492BA2EA0000470036 /* FirebaseStorageCombine-Community in Frameworks */,
				C31A5B132BA2E9E300470036 /* FirebaseStorageCombine-Community in Frameworks */,
				C31A5B352BA2EA0000470036 /* FirebaseFunctionsCombine-Community in Frameworks */,
				C31A5B232BA2EA0000470036 /* FirebaseAuthCombine-Community in Frameworks */,
				C31A5B3B2BA2EA0000470036 /* FirebaseInstallations in Frameworks */,
				C31A5AF72BA2E9E300470036 /* FirebaseFirestore in Frameworks */,
				C31A5B332BA2EA0000470036 /* FirebaseFunctions in Frameworks */,
				C31A5B1D2BA2EA0000470036 /* FirebaseAppCheck in Frameworks */,
				C31A5AF52BA2E9E300470036 /* FirebaseDynamicLinks in Frameworks */,
				C31A5B212BA2EA0000470036 /* FirebaseAuth in Frameworks */,
			);
			runOnlyForDeploymentPostprocessing = 0;
		};
/* End PBXFrameworksBuildPhase section */

/* Begin PBXGroup section */
		C31A5AC72BA2E6A100470036 = {
			isa = PBXGroup;
			children = (
				C31A5AD22BA2E6A100470036 /* MenuProject */,
				C31A5AD12BA2E6A100470036 /* Products */,
			);
			sourceTree = "<group>";
		};
		C31A5AD12BA2E6A100470036 /* Products */ = {
			isa = PBXGroup;
			children = (
				C31A5AD02BA2E6A100470036 /* MenuProject.app */,
			);
			name = Products;
			sourceTree = "<group>";
		};
		C31A5AD22BA2E6A100470036 /* MenuProject */ = {
			isa = PBXGroup;
			children = (
				C31A5B4A2BA2EB2D00470036 /* GoogleService-Info.plist */,
				C31A5AD32BA2E6A100470036 /* MenuProjectApp.swift */,
				C31A5AD52BA2E6A100470036 /* ContentView.swift */,
				C31A5B542BA3126300470036 /* CreateGroupView.swift */,
				C31A5B4E2BA2F2A800470036 /* ListView.swift */,
				C31A5B502BA2F2DD00470036 /* Group.swift */,
				DD8DB3AD2BAC620A002F94B8 /* GroupCard.swift */,
				C31A5B522BA2F34900470036 /* DataManager.swift */,
				C31A5AD72BA2E6A100470036 /* Assets.xcassets */,
				C31A5AD92BA2E6A100470036 /* Preview Content */,
				C3DB80E72BA9E50A005E7CF6 /* GroupDetailView.swift */,
				DD8DB3AF2BAC7307002F94B8 /* Colors.swift */,
				C3B67B1A2BFBE365004F282B /* Restaurant.swift */,
				C3B67B1E2BFBE43E004F282B /* SwiftUIView.swift */,
				C3B67B202BFBE457004F282B /* RegisterPage.swift */,
				C3B67B242BFC6ABA004F282B /* UserAuth.swift */,
			);
			path = MenuProject;
			sourceTree = "<group>";
		};
		C31A5AD92BA2E6A100470036 /* Preview Content */ = {
			isa = PBXGroup;
			children = (
				C31A5ADA2BA2E6A100470036 /* Preview Assets.xcassets */,
			);
			path = "Preview Content";
			sourceTree = "<group>";
		};
/* End PBXGroup section */

/* Begin PBXNativeTarget section */
		C31A5ACF2BA2E6A100470036 /* MenuProject */ = {
			isa = PBXNativeTarget;
			buildConfigurationList = C31A5ADE2BA2E6A100470036 /* Build configuration list for PBXNativeTarget "MenuProject" */;
			buildPhases = (
				C31A5ACC2BA2E6A100470036 /* Sources */,
				C31A5ACD2BA2E6A100470036 /* Frameworks */,
				C31A5ACE2BA2E6A100470036 /* Resources */,
			);
			buildRules = (
			);
			dependencies = (
			);
			name = MenuProject;
			packageProductDependencies = (
				C31A5AE22BA2E9E300470036 /* FirebaseAnalytics */,
				C31A5AE42BA2E9E300470036 /* FirebaseAnalyticsOnDeviceConversion */,
				C31A5AE62BA2E9E300470036 /* FirebaseAnalyticsSwift */,
				C31A5AE82BA2E9E300470036 /* FirebaseAppDistribution-Beta */,
				C31A5AEA2BA2E9E300470036 /* FirebaseAuth */,
				C31A5AEC2BA2E9E300470036 /* FirebaseAuthCombine-Community */,
				C31A5AEE2BA2E9E300470036 /* FirebaseCrashlytics */,
				C31A5AF02BA2E9E300470036 /* FirebaseDatabase */,
				C31A5AF22BA2E9E300470036 /* FirebaseDatabaseSwift */,
				C31A5AF42BA2E9E300470036 /* FirebaseDynamicLinks */,
				C31A5AF62BA2E9E300470036 /* FirebaseFirestore */,
				C31A5AF82BA2E9E300470036 /* FirebaseFirestoreCombine-Community */,
				C31A5AFA2BA2E9E300470036 /* FirebaseFirestoreSwift */,
				C31A5AFC2BA2E9E300470036 /* FirebaseFunctions */,
				C31A5AFE2BA2E9E300470036 /* FirebaseFunctionsCombine-Community */,
				C31A5B002BA2E9E300470036 /* FirebaseInAppMessaging-Beta */,
				C31A5B022BA2E9E300470036 /* FirebaseInAppMessagingSwift-Beta */,
				C31A5B042BA2E9E300470036 /* FirebaseInstallations */,
				C31A5B062BA2E9E300470036 /* FirebaseMLModelDownloader */,
				C31A5B082BA2E9E300470036 /* FirebaseMessaging */,
				C31A5B0A2BA2E9E300470036 /* FirebasePerformance */,
				C31A5B0C2BA2E9E300470036 /* FirebaseRemoteConfig */,
				C31A5B0E2BA2E9E300470036 /* FirebaseRemoteConfigSwift */,
				C31A5B102BA2E9E300470036 /* FirebaseStorage */,
				C31A5B122BA2E9E300470036 /* FirebaseStorageCombine-Community */,
				C31A5B142BA2EA0000470036 /* FirebaseAnalytics */,
				C31A5B162BA2EA0000470036 /* FirebaseAnalyticsOnDeviceConversion */,
				C31A5B182BA2EA0000470036 /* FirebaseAnalyticsSwift */,
				C31A5B1A2BA2EA0000470036 /* FirebaseAnalyticsWithoutAdIdSupport */,
				C31A5B1C2BA2EA0000470036 /* FirebaseAppCheck */,
				C31A5B1E2BA2EA0000470036 /* FirebaseAppDistribution-Beta */,
				C31A5B202BA2EA0000470036 /* FirebaseAuth */,
				C31A5B222BA2EA0000470036 /* FirebaseAuthCombine-Community */,
				C31A5B242BA2EA0000470036 /* FirebaseCrashlytics */,
				C31A5B262BA2EA0000470036 /* FirebaseDatabase */,
				C31A5B282BA2EA0000470036 /* FirebaseDatabaseSwift */,
				C31A5B2A2BA2EA0000470036 /* FirebaseDynamicLinks */,
				C31A5B2C2BA2EA0000470036 /* FirebaseFirestore */,
				C31A5B2E2BA2EA0000470036 /* FirebaseFirestoreCombine-Community */,
				C31A5B302BA2EA0000470036 /* FirebaseFirestoreSwift */,
				C31A5B322BA2EA0000470036 /* FirebaseFunctions */,
				C31A5B342BA2EA0000470036 /* FirebaseFunctionsCombine-Community */,
				C31A5B362BA2EA0000470036 /* FirebaseInAppMessaging-Beta */,
				C31A5B382BA2EA0000470036 /* FirebaseInAppMessagingSwift-Beta */,
				C31A5B3A2BA2EA0000470036 /* FirebaseInstallations */,
				C31A5B3C2BA2EA0000470036 /* FirebaseMLModelDownloader */,
				C31A5B3E2BA2EA0000470036 /* FirebaseMessaging */,
				C31A5B402BA2EA0000470036 /* FirebasePerformance */,
				C31A5B422BA2EA0000470036 /* FirebaseRemoteConfig */,
				C31A5B442BA2EA0000470036 /* FirebaseRemoteConfigSwift */,
				C31A5B462BA2EA0000470036 /* FirebaseStorage */,
				C31A5B482BA2EA0000470036 /* FirebaseStorageCombine-Community */,
			);
			productName = MenuProject;
			productReference = C31A5AD02BA2E6A100470036 /* MenuProject.app */;
			productType = "com.apple.product-type.application";
		};
/* End PBXNativeTarget section */

/* Begin PBXProject section */
		C31A5AC82BA2E6A100470036 /* Project object */ = {
			isa = PBXProject;
			attributes = {
				BuildIndependentTargetsInParallel = 1;
				LastSwiftUpdateCheck = 1500;
				LastUpgradeCheck = 1500;
				TargetAttributes = {
					C31A5ACF2BA2E6A100470036 = {
						CreatedOnToolsVersion = 15.0;
					};
				};
			};
			buildConfigurationList = C31A5ACB2BA2E6A100470036 /* Build configuration list for PBXProject "MenuProject" */;
			compatibilityVersion = "Xcode 14.0";
			developmentRegion = en;
			hasScannedForEncodings = 0;
			knownRegions = (
				en,
				Base,
			);
			mainGroup = C31A5AC72BA2E6A100470036;
			packageReferences = (
				C31A5AE12BA2E9E300470036 /* XCRemoteSwiftPackageReference "firebase-ios-sdk" */,
			);
			productRefGroup = C31A5AD12BA2E6A100470036 /* Products */;
			projectDirPath = "";
			projectRoot = "";
			targets = (
				C31A5ACF2BA2E6A100470036 /* MenuProject */,
			);
		};
/* End PBXProject section */

/* Begin PBXResourcesBuildPhase section */
		C31A5ACE2BA2E6A100470036 /* Resources */ = {
			isa = PBXResourcesBuildPhase;
			buildActionMask = 2147483647;
			files = (
				C31A5ADB2BA2E6A100470036 /* Preview Assets.xcassets in Resources */,
				C31A5AD82BA2E6A100470036 /* Assets.xcassets in Resources */,
				C31A5B4B2BA2EB2D00470036 /* GoogleService-Info.plist in Resources */,
			);
			runOnlyForDeploymentPostprocessing = 0;
		};
/* End PBXResourcesBuildPhase section */

/* Begin PBXSourcesBuildPhase section */
		C31A5ACC2BA2E6A100470036 /* Sources */ = {
			isa = PBXSourcesBuildPhase;
			buildActionMask = 2147483647;
			files = (
				C3B67B1B2BFBE365004F282B /* Restaurant.swift in Sources */,
				C31A5AD62BA2E6A100470036 /* ContentView.swift in Sources */,
				C3B67B1F2BFBE43E004F282B /* SwiftUIView.swift in Sources */,
				C3B67B212BFBE457004F282B /* RegisterPage.swift in Sources */,
				DD8DB3B02BAC7307002F94B8 /* Colors.swift in Sources */,
				DD8DB3AE2BAC620A002F94B8 /* GroupCard.swift in Sources */,
				C3B67B252BFC6ABA004F282B /* UserAuth.swift in Sources */,
				C31A5B532BA2F34900470036 /* DataManager.swift in Sources */,
				C31A5AD42BA2E6A100470036 /* MenuProjectApp.swift in Sources */,
				C3DB80E82BA9E50A005E7CF6 /* GroupDetailView.swift in Sources */,
				C31A5B4F2BA2F2A800470036 /* ListView.swift in Sources */,
				C31A5B552BA3126300470036 /* CreateGroupView.swift in Sources */,
				C31A5B512BA2F2DD00470036 /* Group.swift in Sources */,
			);
			runOnlyForDeploymentPostprocessing = 0;
		};
/* End PBXSourcesBuildPhase section */

/* Begin XCBuildConfiguration section */
		C31A5ADC2BA2E6A100470036 /* Debug */ = {
			isa = XCBuildConfiguration;
			buildSettings = {
				ALWAYS_SEARCH_USER_PATHS = NO;
				ASSETCATALOG_COMPILER_GENERATE_SWIFT_ASSET_SYMBOL_EXTENSIONS = YES;
				CLANG_ANALYZER_NONNULL = YES;
				CLANG_ANALYZER_NUMBER_OBJECT_CONVERSION = YES_AGGRESSIVE;
				CLANG_CXX_LANGUAGE_STANDARD = "gnu++20";
				CLANG_ENABLE_MODULES = YES;
				CLANG_ENABLE_OBJC_ARC = YES;
				CLANG_ENABLE_OBJC_WEAK = YES;
				CLANG_WARN_BLOCK_CAPTURE_AUTORELEASING = YES;
				CLANG_WARN_BOOL_CONVERSION = YES;
				CLANG_WARN_COMMA = YES;
				CLANG_WARN_CONSTANT_CONVERSION = YES;
				CLANG_WARN_DEPRECATED_OBJC_IMPLEMENTATIONS = YES;
				CLANG_WARN_DIRECT_OBJC_ISA_USAGE = YES_ERROR;
				CLANG_WARN_DOCUMENTATION_COMMENTS = YES;
				CLANG_WARN_EMPTY_BODY = YES;
				CLANG_WARN_ENUM_CONVERSION = YES;
				CLANG_WARN_INFINITE_RECURSION = YES;
				CLANG_WARN_INT_CONVERSION = YES;
				CLANG_WARN_NON_LITERAL_NULL_CONVERSION = YES;
				CLANG_WARN_OBJC_IMPLICIT_RETAIN_SELF = YES;
				CLANG_WARN_OBJC_LITERAL_CONVERSION = YES;
				CLANG_WARN_OBJC_ROOT_CLASS = YES_ERROR;
				CLANG_WARN_QUOTED_INCLUDE_IN_FRAMEWORK_HEADER = YES;
				CLANG_WARN_RANGE_LOOP_ANALYSIS = YES;
				CLANG_WARN_STRICT_PROTOTYPES = YES;
				CLANG_WARN_SUSPICIOUS_MOVE = YES;
				CLANG_WARN_UNGUARDED_AVAILABILITY = YES_AGGRESSIVE;
				CLANG_WARN_UNREACHABLE_CODE = YES;
				CLANG_WARN__DUPLICATE_METHOD_MATCH = YES;
				COPY_PHASE_STRIP = NO;
				DEBUG_INFORMATION_FORMAT = dwarf;
				ENABLE_STRICT_OBJC_MSGSEND = YES;
				ENABLE_TESTABILITY = YES;
				ENABLE_USER_SCRIPT_SANDBOXING = YES;
				GCC_C_LANGUAGE_STANDARD = gnu17;
				GCC_DYNAMIC_NO_PIC = NO;
				GCC_NO_COMMON_BLOCKS = YES;
				GCC_OPTIMIZATION_LEVEL = 0;
				GCC_PREPROCESSOR_DEFINITIONS = (
					"DEBUG=1",
					"$(inherited)",
				);
				GCC_WARN_64_TO_32_BIT_CONVERSION = YES;
				GCC_WARN_ABOUT_RETURN_TYPE = YES_ERROR;
				GCC_WARN_UNDECLARED_SELECTOR = YES;
				GCC_WARN_UNINITIALIZED_AUTOS = YES_AGGRESSIVE;
				GCC_WARN_UNUSED_FUNCTION = YES;
				GCC_WARN_UNUSED_VARIABLE = YES;
				IPHONEOS_DEPLOYMENT_TARGET = 17.0;
				LOCALIZATION_PREFERS_STRING_CATALOGS = YES;
				MTL_ENABLE_DEBUG_INFO = INCLUDE_SOURCE;
				MTL_FAST_MATH = YES;
				ONLY_ACTIVE_ARCH = YES;
				SDKROOT = iphoneos;
				SWIFT_ACTIVE_COMPILATION_CONDITIONS = "DEBUG $(inherited)";
				SWIFT_OPTIMIZATION_LEVEL = "-Onone";
			};
			name = Debug;
		};
		C31A5ADD2BA2E6A100470036 /* Release */ = {
			isa = XCBuildConfiguration;
			buildSettings = {
				ALWAYS_SEARCH_USER_PATHS = NO;
				ASSETCATALOG_COMPILER_GENERATE_SWIFT_ASSET_SYMBOL_EXTENSIONS = YES;
				CLANG_ANALYZER_NONNULL = YES;
				CLANG_ANALYZER_NUMBER_OBJECT_CONVERSION = YES_AGGRESSIVE;
				CLANG_CXX_LANGUAGE_STANDARD = "gnu++20";
				CLANG_ENABLE_MODULES = YES;
				CLANG_ENABLE_OBJC_ARC = YES;
				CLANG_ENABLE_OBJC_WEAK = YES;
				CLANG_WARN_BLOCK_CAPTURE_AUTORELEASING = YES;
				CLANG_WARN_BOOL_CONVERSION = YES;
				CLANG_WARN_COMMA = YES;
				CLANG_WARN_CONSTANT_CONVERSION = YES;
				CLANG_WARN_DEPRECATED_OBJC_IMPLEMENTATIONS = YES;
				CLANG_WARN_DIRECT_OBJC_ISA_USAGE = YES_ERROR;
				CLANG_WARN_DOCUMENTATION_COMMENTS = YES;
				CLANG_WARN_EMPTY_BODY = YES;
				CLANG_WARN_ENUM_CONVERSION = YES;
				CLANG_WARN_INFINITE_RECURSION = YES;
				CLANG_WARN_INT_CONVERSION = YES;
				CLANG_WARN_NON_LITERAL_NULL_CONVERSION = YES;
				CLANG_WARN_OBJC_IMPLICIT_RETAIN_SELF = YES;
				CLANG_WARN_OBJC_LITERAL_CONVERSION = YES;
				CLANG_WARN_OBJC_ROOT_CLASS = YES_ERROR;
				CLANG_WARN_QUOTED_INCLUDE_IN_FRAMEWORK_HEADER = YES;
				CLANG_WARN_RANGE_LOOP_ANALYSIS = YES;
				CLANG_WARN_STRICT_PROTOTYPES = YES;
				CLANG_WARN_SUSPICIOUS_MOVE = YES;
				CLANG_WARN_UNGUARDED_AVAILABILITY = YES_AGGRESSIVE;
				CLANG_WARN_UNREACHABLE_CODE = YES;
				CLANG_WARN__DUPLICATE_METHOD_MATCH = YES;
				COPY_PHASE_STRIP = NO;
				DEBUG_INFORMATION_FORMAT = "dwarf-with-dsym";
				ENABLE_NS_ASSERTIONS = NO;
				ENABLE_STRICT_OBJC_MSGSEND = YES;
				ENABLE_USER_SCRIPT_SANDBOXING = YES;
				GCC_C_LANGUAGE_STANDARD = gnu17;
				GCC_NO_COMMON_BLOCKS = YES;
				GCC_WARN_64_TO_32_BIT_CONVERSION = YES;
				GCC_WARN_ABOUT_RETURN_TYPE = YES_ERROR;
				GCC_WARN_UNDECLARED_SELECTOR = YES;
				GCC_WARN_UNINITIALIZED_AUTOS = YES_AGGRESSIVE;
				GCC_WARN_UNUSED_FUNCTION = YES;
				GCC_WARN_UNUSED_VARIABLE = YES;
				IPHONEOS_DEPLOYMENT_TARGET = 17.0;
				LOCALIZATION_PREFERS_STRING_CATALOGS = YES;
				MTL_ENABLE_DEBUG_INFO = NO;
				MTL_FAST_MATH = YES;
				SDKROOT = iphoneos;
				SWIFT_COMPILATION_MODE = wholemodule;
				VALIDATE_PRODUCT = YES;
			};
			name = Release;
		};
		C31A5ADF2BA2E6A100470036 /* Debug */ = {
			isa = XCBuildConfiguration;
			buildSettings = {
				ASSETCATALOG_COMPILER_APPICON_NAME = AppIcon;
				ASSETCATALOG_COMPILER_GLOBAL_ACCENT_COLOR_NAME = AccentColor;
				CODE_SIGN_STYLE = Automatic;
				CURRENT_PROJECT_VERSION = 1;
				DEVELOPMENT_ASSET_PATHS = "\"MenuProject/Preview Content\"";
				ENABLE_PREVIEWS = YES;
				GENERATE_INFOPLIST_FILE = YES;
				INFOPLIST_KEY_UIApplicationSceneManifest_Generation = YES;
				INFOPLIST_KEY_UIApplicationSupportsIndirectInputEvents = YES;
				INFOPLIST_KEY_UILaunchScreen_Generation = YES;
				INFOPLIST_KEY_UISupportedInterfaceOrientations_iPad = "UIInterfaceOrientationPortrait UIInterfaceOrientationPortraitUpsideDown UIInterfaceOrientationLandscapeLeft UIInterfaceOrientationLandscapeRight";
				INFOPLIST_KEY_UISupportedInterfaceOrientations_iPhone = "UIInterfaceOrientationPortrait UIInterfaceOrientationLandscapeLeft UIInterfaceOrientationLandscapeRight";
				LD_RUNPATH_SEARCH_PATHS = (
					"$(inherited)",
					"@executable_path/Frameworks",
				);
				MARKETING_VERSION = 1.0;
				PRODUCT_BUNDLE_IDENTIFIER = com.zouhar.rybarova.MenuProject;
				PRODUCT_NAME = "$(TARGET_NAME)";
				SWIFT_EMIT_LOC_STRINGS = YES;
				SWIFT_VERSION = 5.0;
				TARGETED_DEVICE_FAMILY = "1,2";
			};
			name = Debug;
		};
		C31A5AE02BA2E6A100470036 /* Release */ = {
			isa = XCBuildConfiguration;
			buildSettings = {
				ASSETCATALOG_COMPILER_APPICON_NAME = AppIcon;
				ASSETCATALOG_COMPILER_GLOBAL_ACCENT_COLOR_NAME = AccentColor;
				CODE_SIGN_STYLE = Automatic;
				CURRENT_PROJECT_VERSION = 1;
				DEVELOPMENT_ASSET_PATHS = "\"MenuProject/Preview Content\"";
				ENABLE_PREVIEWS = YES;
				GENERATE_INFOPLIST_FILE = YES;
				INFOPLIST_KEY_UIApplicationSceneManifest_Generation = YES;
				INFOPLIST_KEY_UIApplicationSupportsIndirectInputEvents = YES;
				INFOPLIST_KEY_UILaunchScreen_Generation = YES;
				INFOPLIST_KEY_UISupportedInterfaceOrientations_iPad = "UIInterfaceOrientationPortrait UIInterfaceOrientationPortraitUpsideDown UIInterfaceOrientationLandscapeLeft UIInterfaceOrientationLandscapeRight";
				INFOPLIST_KEY_UISupportedInterfaceOrientations_iPhone = "UIInterfaceOrientationPortrait UIInterfaceOrientationLandscapeLeft UIInterfaceOrientationLandscapeRight";
				LD_RUNPATH_SEARCH_PATHS = (
					"$(inherited)",
					"@executable_path/Frameworks",
				);
				MARKETING_VERSION = 1.0;
				PRODUCT_BUNDLE_IDENTIFIER = com.zouhar.rybarova.MenuProject;
				PRODUCT_NAME = "$(TARGET_NAME)";
				SWIFT_EMIT_LOC_STRINGS = YES;
				SWIFT_VERSION = 5.0;
				TARGETED_DEVICE_FAMILY = "1,2";
			};
			name = Release;
		};
/* End XCBuildConfiguration section */

/* Begin XCConfigurationList section */
		C31A5ACB2BA2E6A100470036 /* Build configuration list for PBXProject "MenuProject" */ = {
			isa = XCConfigurationList;
			buildConfigurations = (
				C31A5ADC2BA2E6A100470036 /* Debug */,
				C31A5ADD2BA2E6A100470036 /* Release */,
			);
			defaultConfigurationIsVisible = 0;
			defaultConfigurationName = Release;
		};
		C31A5ADE2BA2E6A100470036 /* Build configuration list for PBXNativeTarget "MenuProject" */ = {
			isa = XCConfigurationList;
			buildConfigurations = (
				C31A5ADF2BA2E6A100470036 /* Debug */,
				C31A5AE02BA2E6A100470036 /* Release */,
			);
			defaultConfigurationIsVisible = 0;
			defaultConfigurationName = Release;
		};
/* End XCConfigurationList section */

/* Begin XCRemoteSwiftPackageReference section */
		C31A5AE12BA2E9E300470036 /* XCRemoteSwiftPackageReference "firebase-ios-sdk" */ = {
			isa = XCRemoteSwiftPackageReference;
			repositoryURL = "https://github.com/firebase/firebase-ios-sdk.git";
			requirement = {
				kind = upToNextMajorVersion;
				minimumVersion = 10.22.1;
			};
		};
/* End XCRemoteSwiftPackageReference section */

/* Begin XCSwiftPackageProductDependency section */
		C31A5AE22BA2E9E300470036 /* FirebaseAnalytics */ = {
			isa = XCSwiftPackageProductDependency;
			package = C31A5AE12BA2E9E300470036 /* XCRemoteSwiftPackageReference "firebase-ios-sdk" */;
			productName = FirebaseAnalytics;
		};
		C31A5AE42BA2E9E300470036 /* FirebaseAnalyticsOnDeviceConversion */ = {
			isa = XCSwiftPackageProductDependency;
			package = C31A5AE12BA2E9E300470036 /* XCRemoteSwiftPackageReference "firebase-ios-sdk" */;
			productName = FirebaseAnalyticsOnDeviceConversion;
		};
		C31A5AE62BA2E9E300470036 /* FirebaseAnalyticsSwift */ = {
			isa = XCSwiftPackageProductDependency;
			package = C31A5AE12BA2E9E300470036 /* XCRemoteSwiftPackageReference "firebase-ios-sdk" */;
			productName = FirebaseAnalyticsSwift;
		};
		C31A5AE82BA2E9E300470036 /* FirebaseAppDistribution-Beta */ = {
			isa = XCSwiftPackageProductDependency;
			package = C31A5AE12BA2E9E300470036 /* XCRemoteSwiftPackageReference "firebase-ios-sdk" */;
			productName = "FirebaseAppDistribution-Beta";
		};
		C31A5AEA2BA2E9E300470036 /* FirebaseAuth */ = {
			isa = XCSwiftPackageProductDependency;
			package = C31A5AE12BA2E9E300470036 /* XCRemoteSwiftPackageReference "firebase-ios-sdk" */;
			productName = FirebaseAuth;
		};
		C31A5AEC2BA2E9E300470036 /* FirebaseAuthCombine-Community */ = {
			isa = XCSwiftPackageProductDependency;
			package = C31A5AE12BA2E9E300470036 /* XCRemoteSwiftPackageReference "firebase-ios-sdk" */;
			productName = "FirebaseAuthCombine-Community";
		};
		C31A5AEE2BA2E9E300470036 /* FirebaseCrashlytics */ = {
			isa = XCSwiftPackageProductDependency;
			package = C31A5AE12BA2E9E300470036 /* XCRemoteSwiftPackageReference "firebase-ios-sdk" */;
			productName = FirebaseCrashlytics;
		};
		C31A5AF02BA2E9E300470036 /* FirebaseDatabase */ = {
			isa = XCSwiftPackageProductDependency;
			package = C31A5AE12BA2E9E300470036 /* XCRemoteSwiftPackageReference "firebase-ios-sdk" */;
			productName = FirebaseDatabase;
		};
		C31A5AF22BA2E9E300470036 /* FirebaseDatabaseSwift */ = {
			isa = XCSwiftPackageProductDependency;
			package = C31A5AE12BA2E9E300470036 /* XCRemoteSwiftPackageReference "firebase-ios-sdk" */;
			productName = FirebaseDatabaseSwift;
		};
		C31A5AF42BA2E9E300470036 /* FirebaseDynamicLinks */ = {
			isa = XCSwiftPackageProductDependency;
			package = C31A5AE12BA2E9E300470036 /* XCRemoteSwiftPackageReference "firebase-ios-sdk" */;
			productName = FirebaseDynamicLinks;
		};
		C31A5AF62BA2E9E300470036 /* FirebaseFirestore */ = {
			isa = XCSwiftPackageProductDependency;
			package = C31A5AE12BA2E9E300470036 /* XCRemoteSwiftPackageReference "firebase-ios-sdk" */;
			productName = FirebaseFirestore;
		};
		C31A5AF82BA2E9E300470036 /* FirebaseFirestoreCombine-Community */ = {
			isa = XCSwiftPackageProductDependency;
			package = C31A5AE12BA2E9E300470036 /* XCRemoteSwiftPackageReference "firebase-ios-sdk" */;
			productName = "FirebaseFirestoreCombine-Community";
		};
		C31A5AFA2BA2E9E300470036 /* FirebaseFirestoreSwift */ = {
			isa = XCSwiftPackageProductDependency;
			package = C31A5AE12BA2E9E300470036 /* XCRemoteSwiftPackageReference "firebase-ios-sdk" */;
			productName = FirebaseFirestoreSwift;
		};
		C31A5AFC2BA2E9E300470036 /* FirebaseFunctions */ = {
			isa = XCSwiftPackageProductDependency;
			package = C31A5AE12BA2E9E300470036 /* XCRemoteSwiftPackageReference "firebase-ios-sdk" */;
			productName = FirebaseFunctions;
		};
		C31A5AFE2BA2E9E300470036 /* FirebaseFunctionsCombine-Community */ = {
			isa = XCSwiftPackageProductDependency;
			package = C31A5AE12BA2E9E300470036 /* XCRemoteSwiftPackageReference "firebase-ios-sdk" */;
			productName = "FirebaseFunctionsCombine-Community";
		};
		C31A5B002BA2E9E300470036 /* FirebaseInAppMessaging-Beta */ = {
			isa = XCSwiftPackageProductDependency;
			package = C31A5AE12BA2E9E300470036 /* XCRemoteSwiftPackageReference "firebase-ios-sdk" */;
			productName = "FirebaseInAppMessaging-Beta";
		};
		C31A5B022BA2E9E300470036 /* FirebaseInAppMessagingSwift-Beta */ = {
			isa = XCSwiftPackageProductDependency;
			package = C31A5AE12BA2E9E300470036 /* XCRemoteSwiftPackageReference "firebase-ios-sdk" */;
			productName = "FirebaseInAppMessagingSwift-Beta";
		};
		C31A5B042BA2E9E300470036 /* FirebaseInstallations */ = {
			isa = XCSwiftPackageProductDependency;
			package = C31A5AE12BA2E9E300470036 /* XCRemoteSwiftPackageReference "firebase-ios-sdk" */;
			productName = FirebaseInstallations;
		};
		C31A5B062BA2E9E300470036 /* FirebaseMLModelDownloader */ = {
			isa = XCSwiftPackageProductDependency;
			package = C31A5AE12BA2E9E300470036 /* XCRemoteSwiftPackageReference "firebase-ios-sdk" */;
			productName = FirebaseMLModelDownloader;
		};
		C31A5B082BA2E9E300470036 /* FirebaseMessaging */ = {
			isa = XCSwiftPackageProductDependency;
			package = C31A5AE12BA2E9E300470036 /* XCRemoteSwiftPackageReference "firebase-ios-sdk" */;
			productName = FirebaseMessaging;
		};
		C31A5B0A2BA2E9E300470036 /* FirebasePerformance */ = {
			isa = XCSwiftPackageProductDependency;
			package = C31A5AE12BA2E9E300470036 /* XCRemoteSwiftPackageReference "firebase-ios-sdk" */;
			productName = FirebasePerformance;
		};
		C31A5B0C2BA2E9E300470036 /* FirebaseRemoteConfig */ = {
			isa = XCSwiftPackageProductDependency;
			package = C31A5AE12BA2E9E300470036 /* XCRemoteSwiftPackageReference "firebase-ios-sdk" */;
			productName = FirebaseRemoteConfig;
		};
		C31A5B0E2BA2E9E300470036 /* FirebaseRemoteConfigSwift */ = {
			isa = XCSwiftPackageProductDependency;
			package = C31A5AE12BA2E9E300470036 /* XCRemoteSwiftPackageReference "firebase-ios-sdk" */;
			productName = FirebaseRemoteConfigSwift;
		};
		C31A5B102BA2E9E300470036 /* FirebaseStorage */ = {
			isa = XCSwiftPackageProductDependency;
			package = C31A5AE12BA2E9E300470036 /* XCRemoteSwiftPackageReference "firebase-ios-sdk" */;
			productName = FirebaseStorage;
		};
		C31A5B122BA2E9E300470036 /* FirebaseStorageCombine-Community */ = {
			isa = XCSwiftPackageProductDependency;
			package = C31A5AE12BA2E9E300470036 /* XCRemoteSwiftPackageReference "firebase-ios-sdk" */;
			productName = "FirebaseStorageCombine-Community";
		};
		C31A5B142BA2EA0000470036 /* FirebaseAnalytics */ = {
			isa = XCSwiftPackageProductDependency;
			package = C31A5AE12BA2E9E300470036 /* XCRemoteSwiftPackageReference "firebase-ios-sdk" */;
			productName = FirebaseAnalytics;
		};
		C31A5B162BA2EA0000470036 /* FirebaseAnalyticsOnDeviceConversion */ = {
			isa = XCSwiftPackageProductDependency;
			package = C31A5AE12BA2E9E300470036 /* XCRemoteSwiftPackageReference "firebase-ios-sdk" */;
			productName = FirebaseAnalyticsOnDeviceConversion;
		};
		C31A5B182BA2EA0000470036 /* FirebaseAnalyticsSwift */ = {
			isa = XCSwiftPackageProductDependency;
			package = C31A5AE12BA2E9E300470036 /* XCRemoteSwiftPackageReference "firebase-ios-sdk" */;
			productName = FirebaseAnalyticsSwift;
		};
		C31A5B1A2BA2EA0000470036 /* FirebaseAnalyticsWithoutAdIdSupport */ = {
			isa = XCSwiftPackageProductDependency;
			package = C31A5AE12BA2E9E300470036 /* XCRemoteSwiftPackageReference "firebase-ios-sdk" */;
			productName = FirebaseAnalyticsWithoutAdIdSupport;
		};
		C31A5B1C2BA2EA0000470036 /* FirebaseAppCheck */ = {
			isa = XCSwiftPackageProductDependency;
			package = C31A5AE12BA2E9E300470036 /* XCRemoteSwiftPackageReference "firebase-ios-sdk" */;
			productName = FirebaseAppCheck;
		};
		C31A5B1E2BA2EA0000470036 /* FirebaseAppDistribution-Beta */ = {
			isa = XCSwiftPackageProductDependency;
			package = C31A5AE12BA2E9E300470036 /* XCRemoteSwiftPackageReference "firebase-ios-sdk" */;
			productName = "FirebaseAppDistribution-Beta";
		};
		C31A5B202BA2EA0000470036 /* FirebaseAuth */ = {
			isa = XCSwiftPackageProductDependency;
			package = C31A5AE12BA2E9E300470036 /* XCRemoteSwiftPackageReference "firebase-ios-sdk" */;
			productName = FirebaseAuth;
		};
		C31A5B222BA2EA0000470036 /* FirebaseAuthCombine-Community */ = {
			isa = XCSwiftPackageProductDependency;
			package = C31A5AE12BA2E9E300470036 /* XCRemoteSwiftPackageReference "firebase-ios-sdk" */;
			productName = "FirebaseAuthCombine-Community";
		};
		C31A5B242BA2EA0000470036 /* FirebaseCrashlytics */ = {
			isa = XCSwiftPackageProductDependency;
			package = C31A5AE12BA2E9E300470036 /* XCRemoteSwiftPackageReference "firebase-ios-sdk" */;
			productName = FirebaseCrashlytics;
		};
		C31A5B262BA2EA0000470036 /* FirebaseDatabase */ = {
			isa = XCSwiftPackageProductDependency;
			package = C31A5AE12BA2E9E300470036 /* XCRemoteSwiftPackageReference "firebase-ios-sdk" */;
			productName = FirebaseDatabase;
		};
		C31A5B282BA2EA0000470036 /* FirebaseDatabaseSwift */ = {
			isa = XCSwiftPackageProductDependency;
			package = C31A5AE12BA2E9E300470036 /* XCRemoteSwiftPackageReference "firebase-ios-sdk" */;
			productName = FirebaseDatabaseSwift;
		};
		C31A5B2A2BA2EA0000470036 /* FirebaseDynamicLinks */ = {
			isa = XCSwiftPackageProductDependency;
			package = C31A5AE12BA2E9E300470036 /* XCRemoteSwiftPackageReference "firebase-ios-sdk" */;
			productName = FirebaseDynamicLinks;
		};
		C31A5B2C2BA2EA0000470036 /* FirebaseFirestore */ = {
			isa = XCSwiftPackageProductDependency;
			package = C31A5AE12BA2E9E300470036 /* XCRemoteSwiftPackageReference "firebase-ios-sdk" */;
			productName = FirebaseFirestore;
		};
		C31A5B2E2BA2EA0000470036 /* FirebaseFirestoreCombine-Community */ = {
			isa = XCSwiftPackageProductDependency;
			package = C31A5AE12BA2E9E300470036 /* XCRemoteSwiftPackageReference "firebase-ios-sdk" */;
			productName = "FirebaseFirestoreCombine-Community";
		};
		C31A5B302BA2EA0000470036 /* FirebaseFirestoreSwift */ = {
			isa = XCSwiftPackageProductDependency;
			package = C31A5AE12BA2E9E300470036 /* XCRemoteSwiftPackageReference "firebase-ios-sdk" */;
			productName = FirebaseFirestoreSwift;
		};
		C31A5B322BA2EA0000470036 /* FirebaseFunctions */ = {
			isa = XCSwiftPackageProductDependency;
			package = C31A5AE12BA2E9E300470036 /* XCRemoteSwiftPackageReference "firebase-ios-sdk" */;
			productName = FirebaseFunctions;
		};
		C31A5B342BA2EA0000470036 /* FirebaseFunctionsCombine-Community */ = {
			isa = XCSwiftPackageProductDependency;
			package = C31A5AE12BA2E9E300470036 /* XCRemoteSwiftPackageReference "firebase-ios-sdk" */;
			productName = "FirebaseFunctionsCombine-Community";
		};
		C31A5B362BA2EA0000470036 /* FirebaseInAppMessaging-Beta */ = {
			isa = XCSwiftPackageProductDependency;
			package = C31A5AE12BA2E9E300470036 /* XCRemoteSwiftPackageReference "firebase-ios-sdk" */;
			productName = "FirebaseInAppMessaging-Beta";
		};
		C31A5B382BA2EA0000470036 /* FirebaseInAppMessagingSwift-Beta */ = {
			isa = XCSwiftPackageProductDependency;
			package = C31A5AE12BA2E9E300470036 /* XCRemoteSwiftPackageReference "firebase-ios-sdk" */;
			productName = "FirebaseInAppMessagingSwift-Beta";
		};
		C31A5B3A2BA2EA0000470036 /* FirebaseInstallations */ = {
			isa = XCSwiftPackageProductDependency;
			package = C31A5AE12BA2E9E300470036 /* XCRemoteSwiftPackageReference "firebase-ios-sdk" */;
			productName = FirebaseInstallations;
		};
		C31A5B3C2BA2EA0000470036 /* FirebaseMLModelDownloader */ = {
			isa = XCSwiftPackageProductDependency;
			package = C31A5AE12BA2E9E300470036 /* XCRemoteSwiftPackageReference "firebase-ios-sdk" */;
			productName = FirebaseMLModelDownloader;
		};
		C31A5B3E2BA2EA0000470036 /* FirebaseMessaging */ = {
			isa = XCSwiftPackageProductDependency;
			package = C31A5AE12BA2E9E300470036 /* XCRemoteSwiftPackageReference "firebase-ios-sdk" */;
			productName = FirebaseMessaging;
		};
		C31A5B402BA2EA0000470036 /* FirebasePerformance */ = {
			isa = XCSwiftPackageProductDependency;
			package = C31A5AE12BA2E9E300470036 /* XCRemoteSwiftPackageReference "firebase-ios-sdk" */;
			productName = FirebasePerformance;
		};
		C31A5B422BA2EA0000470036 /* FirebaseRemoteConfig */ = {
			isa = XCSwiftPackageProductDependency;
			package = C31A5AE12BA2E9E300470036 /* XCRemoteSwiftPackageReference "firebase-ios-sdk" */;
			productName = FirebaseRemoteConfig;
		};
		C31A5B442BA2EA0000470036 /* FirebaseRemoteConfigSwift */ = {
			isa = XCSwiftPackageProductDependency;
			package = C31A5AE12BA2E9E300470036 /* XCRemoteSwiftPackageReference "firebase-ios-sdk" */;
			productName = FirebaseRemoteConfigSwift;
		};
		C31A5B462BA2EA0000470036 /* FirebaseStorage */ = {
			isa = XCSwiftPackageProductDependency;
			package = C31A5AE12BA2E9E300470036 /* XCRemoteSwiftPackageReference "firebase-ios-sdk" */;
			productName = FirebaseStorage;
		};
		C31A5B482BA2EA0000470036 /* FirebaseStorageCombine-Community */ = {
			isa = XCSwiftPackageProductDependency;
			package = C31A5AE12BA2E9E300470036 /* XCRemoteSwiftPackageReference "firebase-ios-sdk" */;
			productName = "FirebaseStorageCombine-Community";
		};
/* End XCSwiftPackageProductDependency section */
	};
	rootObject = C31A5AC82BA2E6A100470036 /* Project object */;
}
